// !$*UTF8*$!
{
	archiveVersion = 1;
	classes = {
	};
	objectVersion = 46;
	objects = {

/* Begin PBXAggregateTarget section */
		1B67178D1D0F3A9B006D51F8 /* Framework */ = {
			isa = PBXAggregateTarget;
			buildConfigurationList = 1B67178E1D0F3A9B006D51F8 /* Build configuration list for PBXAggregateTarget "Framework" */;
			buildPhases = (
				1B6717931D0F3AB5006D51F8 /* ShellScript */,
			);
			dependencies = (
				1B6717921D0F3AAA006D51F8 /* PBXTargetDependency */,
			);
			name = Framework;
			productName = Framework;
		};
		7F3CD5FA192CBB2000237DF3 /* UniversalLib */ = {
			isa = PBXAggregateTarget;
			buildConfigurationList = 7F3CD5FD192CBB2000237DF3 /* Build configuration list for PBXAggregateTarget "UniversalLib" */;
			buildPhases = (
				7F3CD5FE192CBB4200237DF3 /* ShellScript */,
			);
			dependencies = (
			);
			name = UniversalLib;
			productName = UniversalLib;
		};
/* End PBXAggregateTarget section */

/* Begin PBXBuildFile section */
		1B67178C1D0F38CB006D51F8 /* CommuteStream.h in Headers */ = {isa = PBXBuildFile; fileRef = 7FF398BB191552D000C8114E /* CommuteStream.h */; settings = {ATTRIBUTES = (Public, ); }; };
		1B7395181C875EF200606647 /* ImageIO.framework in Frameworks */ = {isa = PBXBuildFile; fileRef = 1B7395171C875EF200606647 /* ImageIO.framework */; };
		7F1880631915A76500BE18B5 /* Reachability.h in CopyFiles */ = {isa = PBXBuildFile; fileRef = 7FF398F21915538600C8114E /* Reachability.h */; };
		7F18806C1915A7AF00BE18B5 /* NSAlert+MKNetworkKitAdditions.h in CopyFiles */ = {isa = PBXBuildFile; fileRef = 7FF398DE1915538600C8114E /* NSAlert+MKNetworkKitAdditions.h */; };
		7F18806D1915A7AF00BE18B5 /* NSData+MKBase64.h in CopyFiles */ = {isa = PBXBuildFile; fileRef = 7FF398E01915538600C8114E /* NSData+MKBase64.h */; };
		7F18806E1915A7AF00BE18B5 /* NSDate+RFC1123.h in CopyFiles */ = {isa = PBXBuildFile; fileRef = 7FF398E21915538600C8114E /* NSDate+RFC1123.h */; };
		7F18806F1915A7AF00BE18B5 /* NSDictionary+RequestEncoding.h in CopyFiles */ = {isa = PBXBuildFile; fileRef = 7FF398E41915538600C8114E /* NSDictionary+RequestEncoding.h */; };
		7F1880701915A7AF00BE18B5 /* NSString+MKNetworkKitAdditions.h in CopyFiles */ = {isa = PBXBuildFile; fileRef = 7FF398E61915538600C8114E /* NSString+MKNetworkKitAdditions.h */; };
		7F1880711915A7AF00BE18B5 /* UIAlertView+MKNetworkKitAdditions.h in CopyFiles */ = {isa = PBXBuildFile; fileRef = 7FF398E81915538600C8114E /* UIAlertView+MKNetworkKitAdditions.h */; };
		7F1880721915A7AF00BE18B5 /* UIImageView+MKNetworkKitAdditions.h in CopyFiles */ = {isa = PBXBuildFile; fileRef = 7FF398EA1915538600C8114E /* UIImageView+MKNetworkKitAdditions.h */; };
		7F38C4F51DD110EF002F9A02 /* CSGestureRecognizer.h in Headers */ = {isa = PBXBuildFile; fileRef = 7F38C4F31DD110EF002F9A02 /* CSGestureRecognizer.h */; };
		7F38C4F61DD110EF002F9A02 /* CSGestureRecognizer.m in Sources */ = {isa = PBXBuildFile; fileRef = 7F38C4F41DD110EF002F9A02 /* CSGestureRecognizer.m */; };
		7FC68B201DAECC9900DBFD9B /* CSMRAIDView.h in Headers */ = {isa = PBXBuildFile; fileRef = 7FC68B1E1DAECC9900DBFD9B /* CSMRAIDView.h */; settings = {ATTRIBUTES = (Public, ); }; };
		7FC68B211DAECC9900DBFD9B /* CSMRAIDView.m in Sources */ = {isa = PBXBuildFile; fileRef = 7FC68B1F1DAECC9900DBFD9B /* CSMRAIDView.m */; };
		7FC68B241DAECD6900DBFD9B /* CSMRAIDOrientationProperties.h in Headers */ = {isa = PBXBuildFile; fileRef = 7FC68B221DAECD6900DBFD9B /* CSMRAIDOrientationProperties.h */; settings = {ATTRIBUTES = (Public, ); }; };
		7FC68B251DAECD6900DBFD9B /* CSMRAIDOrientationProperties.m in Sources */ = {isa = PBXBuildFile; fileRef = 7FC68B231DAECD6900DBFD9B /* CSMRAIDOrientationProperties.m */; };
		7FC68B2A1DAECE2600DBFD9B /* CSMRAIDResizeProperties.h in Headers */ = {isa = PBXBuildFile; fileRef = 7FC68B281DAECE2600DBFD9B /* CSMRAIDResizeProperties.h */; settings = {ATTRIBUTES = (Public, ); }; };
		7FC68B2B1DAECE2600DBFD9B /* CSMRAIDResizeProperties.m in Sources */ = {isa = PBXBuildFile; fileRef = 7FC68B291DAECE2600DBFD9B /* CSMRAIDResizeProperties.m */; };
		7FC68B2E1DAECEB100DBFD9B /* CSMRAIDParser.h in Headers */ = {isa = PBXBuildFile; fileRef = 7FC68B2C1DAECEB100DBFD9B /* CSMRAIDParser.h */; settings = {ATTRIBUTES = (Public, ); }; };
		7FC68B2F1DAECEB100DBFD9B /* CSMRAIDParser.m in Sources */ = {isa = PBXBuildFile; fileRef = 7FC68B2D1DAECEB100DBFD9B /* CSMRAIDParser.m */; };
		7FC68B321DAECF5400DBFD9B /* CSLogger.h in Headers */ = {isa = PBXBuildFile; fileRef = 7FC68B301DAECF5400DBFD9B /* CSLogger.h */; settings = {ATTRIBUTES = (Public, ); }; };
		7FC68B331DAECF5400DBFD9B /* CSLogger.m in Sources */ = {isa = PBXBuildFile; fileRef = 7FC68B311DAECF5400DBFD9B /* CSLogger.m */; };
		7FC68B361DAED0D900DBFD9B /* CSMRAIDModalViewController.h in Headers */ = {isa = PBXBuildFile; fileRef = 7FC68B341DAED0D800DBFD9B /* CSMRAIDModalViewController.h */; settings = {ATTRIBUTES = (Public, ); }; };
		7FC68B371DAED0D900DBFD9B /* CSMRAIDModalViewController.m in Sources */ = {isa = PBXBuildFile; fileRef = 7FC68B351DAED0D800DBFD9B /* CSMRAIDModalViewController.m */; };
		7FC68B3B1DAED20700DBFD9B /* CSMRAIDUtil.h in Headers */ = {isa = PBXBuildFile; fileRef = 7FC68B391DAED20700DBFD9B /* CSMRAIDUtil.h */; settings = {ATTRIBUTES = (Public, ); }; };
		7FC68B3C1DAED20700DBFD9B /* CSMRAIDUtil.m in Sources */ = {isa = PBXBuildFile; fileRef = 7FC68B3A1DAED20700DBFD9B /* CSMRAIDUtil.m */; };
		7FC68B3F1DAED2F600DBFD9B /* CSMRAIDSettings.h in Headers */ = {isa = PBXBuildFile; fileRef = 7FC68B3D1DAED2F600DBFD9B /* CSMRAIDSettings.h */; settings = {ATTRIBUTES = (Public, ); }; };
		7FC68B401DAED2F600DBFD9B /* CSMRAIDSettings.m in Sources */ = {isa = PBXBuildFile; fileRef = 7FC68B3E1DAED2F600DBFD9B /* CSMRAIDSettings.m */; };
		7FC68B431DAED47700DBFD9B /* mraidjs.h in Headers */ = {isa = PBXBuildFile; fileRef = 7FC68B421DAED47700DBFD9B /* mraidjs.h */; settings = {ATTRIBUTES = (Public, ); }; };
		7FC68B451DAED48D00DBFD9B /* CloseButton.h in Headers */ = {isa = PBXBuildFile; fileRef = 7FC68B441DAED48D00DBFD9B /* CloseButton.h */; settings = {ATTRIBUTES = (Public, ); }; };
		7FD999C81DAFE9BD00E33562 /* CSMRAIDServiceDelegate.h in Headers */ = {isa = PBXBuildFile; fileRef = 7FC68B381DAED1AF00DBFD9B /* CSMRAIDServiceDelegate.h */; settings = {ATTRIBUTES = (Public, ); }; };
		7FD99A191DB9497000E33562 /* CSAdFactory.h in Headers */ = {isa = PBXBuildFile; fileRef = 7FD99A171DB9497000E33562 /* CSAdFactory.h */; };
		7FD99A1A1DB9497000E33562 /* CSAdFactory.m in Sources */ = {isa = PBXBuildFile; fileRef = 7FD99A181DB9497000E33562 /* CSAdFactory.m */; };
		7FD99A1D1DB9544E00E33562 /* CSBasicBannerAdFactory.h in Headers */ = {isa = PBXBuildFile; fileRef = 7FD99A1B1DB9544E00E33562 /* CSBasicBannerAdFactory.h */; };
		7FD99A1E1DB9544E00E33562 /* CSBasicBannerAdFactory.m in Sources */ = {isa = PBXBuildFile; fileRef = 7FD99A1C1DB9544E00E33562 /* CSBasicBannerAdFactory.m */; };
		7FD99A391DBE696600E33562 /* CSBasicBannerAd.h in Headers */ = {isa = PBXBuildFile; fileRef = 7FD99A371DBE696600E33562 /* CSBasicBannerAd.h */; };
		7FD99A3A1DBE696600E33562 /* CSBasicBannerAd.m in Sources */ = {isa = PBXBuildFile; fileRef = 7FD99A381DBE696600E33562 /* CSBasicBannerAd.m */; };
		7FD99A911DBE7FA900E33562 /* CSTestHTMLBanner.h in Headers */ = {isa = PBXBuildFile; fileRef = 7FD99A8F1DBE7FA900E33562 /* CSTestHTMLBanner.h */; };
		7FD99A921DBE7FA900E33562 /* CSTestHTMLBanner.m in Sources */ = {isa = PBXBuildFile; fileRef = 7FD99A901DBE7FA900E33562 /* CSTestHTMLBanner.m */; };
		7FD99A951DBE822D00E33562 /* CSTestHTMLBannerFactory.h in Headers */ = {isa = PBXBuildFile; fileRef = 7FD99A931DBE822D00E33562 /* CSTestHTMLBannerFactory.h */; };
		7FD99A961DBE822D00E33562 /* CSTestHTMLBannerFactory.m in Sources */ = {isa = PBXBuildFile; fileRef = 7FD99A941DBE822D00E33562 /* CSTestHTMLBannerFactory.m */; };
		7FD99AB31DBFC9DE00E33562 /* CSMRAIDViewFactory.h in Headers */ = {isa = PBXBuildFile; fileRef = 7FD99AB11DBFC9DE00E33562 /* CSMRAIDViewFactory.h */; };
		7FD99AB41DBFC9DE00E33562 /* CSMRAIDViewFactory.m in Sources */ = {isa = PBXBuildFile; fileRef = 7FD99AB21DBFC9DE00E33562 /* CSMRAIDViewFactory.m */; };
		7FD99B831DC2A0A200E33562 /* CSWebView.h in Headers */ = {isa = PBXBuildFile; fileRef = 7FD99B811DC2A0A200E33562 /* CSWebView.h */; };
		7FD99B841DC2A0A200E33562 /* CSWebView.m in Sources */ = {isa = PBXBuildFile; fileRef = 7FD99B821DC2A0A200E33562 /* CSWebView.m */; };
		7FF398B7191552D000C8114E /* Foundation.framework in Frameworks */ = {isa = PBXBuildFile; fileRef = 7FF398B6191552D000C8114E /* Foundation.framework */; };
		7FF398BC191552D000C8114E /* CommuteStream.h in Copy Files */ = {isa = PBXBuildFile; fileRef = 7FF398BB191552D000C8114E /* CommuteStream.h */; };
		7FF398BE191552D000C8114E /* CommuteStream.m in Sources */ = {isa = PBXBuildFile; fileRef = 7FF398BD191552D000C8114E /* CommuteStream.m */; };
		7FF398C5191552D100C8114E /* XCTest.framework in Frameworks */ = {isa = PBXBuildFile; fileRef = 7FF398C4191552D100C8114E /* XCTest.framework */; };
		7FF398C6191552D100C8114E /* Foundation.framework in Frameworks */ = {isa = PBXBuildFile; fileRef = 7FF398B6191552D000C8114E /* Foundation.framework */; };
		7FF398C8191552D100C8114E /* UIKit.framework in Frameworks */ = {isa = PBXBuildFile; fileRef = 7FF398C7191552D100C8114E /* UIKit.framework */; };
		7FF398CB191552D100C8114E /* libCommuteStream.a in Frameworks */ = {isa = PBXBuildFile; fileRef = 7FF398B3191552D000C8114E /* libCommuteStream.a */; };
		7FF398D1191552D100C8114E /* InfoPlist.strings in Resources */ = {isa = PBXBuildFile; fileRef = 7FF398CF191552D100C8114E /* InfoPlist.strings */; };
		7FF398D3191552D100C8114E /* CommuteStreamTests.m in Sources */ = {isa = PBXBuildFile; fileRef = 7FF398D2191552D100C8114E /* CommuteStreamTests.m */; };
		7FF398F41915538600C8114E /* NSAlert+MKNetworkKitAdditions.m in Sources */ = {isa = PBXBuildFile; fileRef = 7FF398DF1915538600C8114E /* NSAlert+MKNetworkKitAdditions.m */; };
		7FF398F51915538600C8114E /* NSData+MKBase64.m in Sources */ = {isa = PBXBuildFile; fileRef = 7FF398E11915538600C8114E /* NSData+MKBase64.m */; };
		7FF398F61915538600C8114E /* NSDate+RFC1123.m in Sources */ = {isa = PBXBuildFile; fileRef = 7FF398E31915538600C8114E /* NSDate+RFC1123.m */; };
		7FF398F71915538600C8114E /* NSDictionary+RequestEncoding.m in Sources */ = {isa = PBXBuildFile; fileRef = 7FF398E51915538600C8114E /* NSDictionary+RequestEncoding.m */; };
		7FF398F81915538600C8114E /* NSString+MKNetworkKitAdditions.m in Sources */ = {isa = PBXBuildFile; fileRef = 7FF398E71915538600C8114E /* NSString+MKNetworkKitAdditions.m */; };
		7FF398F91915538600C8114E /* UIAlertView+MKNetworkKitAdditions.m in Sources */ = {isa = PBXBuildFile; fileRef = 7FF398E91915538600C8114E /* UIAlertView+MKNetworkKitAdditions.m */; };
		7FF398FA1915538600C8114E /* UIImageView+MKNetworkKitAdditions.m in Sources */ = {isa = PBXBuildFile; fileRef = 7FF398EB1915538600C8114E /* UIImageView+MKNetworkKitAdditions.m */; };
		7FF398FB1915538600C8114E /* MKNetworkEngine.m in Sources */ = {isa = PBXBuildFile; fileRef = 7FF398ED1915538600C8114E /* MKNetworkEngine.m */; };
		7FF398FC1915538600C8114E /* MKNetworkOperation.m in Sources */ = {isa = PBXBuildFile; fileRef = 7FF398F01915538600C8114E /* MKNetworkOperation.m */; };
		7FF398FD1915538600C8114E /* Reachability.m in Sources */ = {isa = PBXBuildFile; fileRef = 7FF398F31915538600C8114E /* Reachability.m */; };
		7FF39900191553C300C8114E /* CSNetworkEngine.m in Sources */ = {isa = PBXBuildFile; fileRef = 7FF398FF191553C300C8114E /* CSNetworkEngine.m */; };
		7FF39903191554CB00C8114E /* CSCustomBanner.m in Sources */ = {isa = PBXBuildFile; fileRef = 7FF39902191554CB00C8114E /* CSCustomBanner.m */; };
		7FF399171915703400C8114E /* AdSupport.framework in Frameworks */ = {isa = PBXBuildFile; fileRef = 7FF3990F1915703400C8114E /* AdSupport.framework */; };
		7FF399181915703400C8114E /* AudioToolbox.framework in Frameworks */ = {isa = PBXBuildFile; fileRef = 7FF399101915703400C8114E /* AudioToolbox.framework */; };
		7FF399191915703400C8114E /* AVFoundation.framework in Frameworks */ = {isa = PBXBuildFile; fileRef = 7FF399111915703400C8114E /* AVFoundation.framework */; };
		7FF3991A1915703400C8114E /* CoreGraphics.framework in Frameworks */ = {isa = PBXBuildFile; fileRef = 7FF399121915703400C8114E /* CoreGraphics.framework */; };
		7FF3991B1915703400C8114E /* CoreTelephony.framework in Frameworks */ = {isa = PBXBuildFile; fileRef = 7FF399131915703400C8114E /* CoreTelephony.framework */; };
		7FF3991C1915703400C8114E /* MessageUI.framework in Frameworks */ = {isa = PBXBuildFile; fileRef = 7FF399141915703400C8114E /* MessageUI.framework */; };
		7FF3991D1915703400C8114E /* StoreKit.framework in Frameworks */ = {isa = PBXBuildFile; fileRef = 7FF399151915703400C8114E /* StoreKit.framework */; };
		7FF3991E1915703400C8114E /* SystemConfiguration.framework in Frameworks */ = {isa = PBXBuildFile; fileRef = 7FF399161915703400C8114E /* SystemConfiguration.framework */; };
		7FF399251915711E00C8114E /* CSCustomBanner.h in Copy Files */ = {isa = PBXBuildFile; fileRef = 7FF39901191554CB00C8114E /* CSCustomBanner.h */; };
		7FF3996C191573FB00C8114E /* CSNetworkEngine.h in Copy Files */ = {isa = PBXBuildFile; fileRef = 7FF398FE191553C300C8114E /* CSNetworkEngine.h */; };
		7FF3996D1915748000C8114E /* MKNetworkEngine.h in Copy Files */ = {isa = PBXBuildFile; fileRef = 7FF398EC1915538600C8114E /* MKNetworkEngine.h */; };
		7FF3996F1915748000C8114E /* MKNetworkKit.h in Copy Files */ = {isa = PBXBuildFile; fileRef = 7FF398EE1915538600C8114E /* MKNetworkKit.h */; };
		7FF399701915748000C8114E /* MKNetworkOperation.h in Copy Files */ = {isa = PBXBuildFile; fileRef = 7FF398EF1915538600C8114E /* MKNetworkOperation.h */; };
		7FF399B91915818500C8114E /* NSAlert+MKNetworkKitAdditions.m in Sources */ = {isa = PBXBuildFile; fileRef = 7FF398DF1915538600C8114E /* NSAlert+MKNetworkKitAdditions.m */; };
		7FF399BA1915818500C8114E /* NSData+MKBase64.m in Sources */ = {isa = PBXBuildFile; fileRef = 7FF398E11915538600C8114E /* NSData+MKBase64.m */; };
		7FF399BB1915818500C8114E /* NSDate+RFC1123.m in Sources */ = {isa = PBXBuildFile; fileRef = 7FF398E31915538600C8114E /* NSDate+RFC1123.m */; };
		7FF399BC1915818500C8114E /* NSDictionary+RequestEncoding.m in Sources */ = {isa = PBXBuildFile; fileRef = 7FF398E51915538600C8114E /* NSDictionary+RequestEncoding.m */; };
		7FF399BD1915818500C8114E /* NSString+MKNetworkKitAdditions.m in Sources */ = {isa = PBXBuildFile; fileRef = 7FF398E71915538600C8114E /* NSString+MKNetworkKitAdditions.m */; };
		7FF399BE1915818500C8114E /* UIAlertView+MKNetworkKitAdditions.m in Sources */ = {isa = PBXBuildFile; fileRef = 7FF398E91915538600C8114E /* UIAlertView+MKNetworkKitAdditions.m */; };
		7FF399BF1915818500C8114E /* UIImageView+MKNetworkKitAdditions.m in Sources */ = {isa = PBXBuildFile; fileRef = 7FF398EB1915538600C8114E /* UIImageView+MKNetworkKitAdditions.m */; };
		7FF399C01915819E00C8114E /* MKNetworkEngine.m in Sources */ = {isa = PBXBuildFile; fileRef = 7FF398ED1915538600C8114E /* MKNetworkEngine.m */; };
		7FF399C11915819E00C8114E /* MKNetworkOperation.m in Sources */ = {isa = PBXBuildFile; fileRef = 7FF398F01915538600C8114E /* MKNetworkOperation.m */; };
		7FF399C2191581A500C8114E /* Reachability.m in Sources */ = {isa = PBXBuildFile; fileRef = 7FF398F31915538600C8114E /* Reachability.m */; };
/* End PBXBuildFile section */

/* Begin PBXContainerItemProxy section */
		1B6717911D0F3AAA006D51F8 /* PBXContainerItemProxy */ = {
			isa = PBXContainerItemProxy;
			containerPortal = 7FF398AB191552D000C8114E /* Project object */;
			proxyType = 1;
			remoteGlobalIDString = 7FF398B2191552D000C8114E;
			remoteInfo = CommuteStream;
		};
		7FF398C9191552D100C8114E /* PBXContainerItemProxy */ = {
			isa = PBXContainerItemProxy;
			containerPortal = 7FF398AB191552D000C8114E /* Project object */;
			proxyType = 1;
			remoteGlobalIDString = 7FF398B2191552D000C8114E;
			remoteInfo = CommuteStream;
		};
/* End PBXContainerItemProxy section */

/* Begin PBXCopyFilesBuildPhase section */
		7F1880611915A6E600BE18B5 /* CopyFiles */ = {
			isa = PBXCopyFilesBuildPhase;
			buildActionMask = 2147483647;
			dstPath = "include/$(PRODUCT_NAME)/Reachability";
			dstSubfolderSpec = 16;
			files = (
				7F1880631915A76500BE18B5 /* Reachability.h in CopyFiles */,
			);
			runOnlyForDeploymentPostprocessing = 0;
		};
		7F1880641915A76F00BE18B5 /* CopyFiles */ = {
			isa = PBXCopyFilesBuildPhase;
			buildActionMask = 2147483647;
			dstPath = "include/$(PRODUCT_NAME)/Categories";
			dstSubfolderSpec = 7;
			files = (
				7F18806C1915A7AF00BE18B5 /* NSAlert+MKNetworkKitAdditions.h in CopyFiles */,
				7F18806D1915A7AF00BE18B5 /* NSData+MKBase64.h in CopyFiles */,
				7F18806E1915A7AF00BE18B5 /* NSDate+RFC1123.h in CopyFiles */,
				7F18806F1915A7AF00BE18B5 /* NSDictionary+RequestEncoding.h in CopyFiles */,
				7F1880701915A7AF00BE18B5 /* NSString+MKNetworkKitAdditions.h in CopyFiles */,
				7F1880711915A7AF00BE18B5 /* UIAlertView+MKNetworkKitAdditions.h in CopyFiles */,
				7F1880721915A7AF00BE18B5 /* UIImageView+MKNetworkKitAdditions.h in CopyFiles */,
			);
			runOnlyForDeploymentPostprocessing = 0;
		};
		7FF398B1191552D000C8114E /* Copy Files */ = {
			isa = PBXCopyFilesBuildPhase;
			buildActionMask = 2147483647;
			dstPath = "include/$(PRODUCT_NAME)";
			dstSubfolderSpec = 16;
			files = (
				7FF3996D1915748000C8114E /* MKNetworkEngine.h in Copy Files */,
				7FF3996F1915748000C8114E /* MKNetworkKit.h in Copy Files */,
				7FF399701915748000C8114E /* MKNetworkOperation.h in Copy Files */,
				7FF3996C191573FB00C8114E /* CSNetworkEngine.h in Copy Files */,
				7FF399251915711E00C8114E /* CSCustomBanner.h in Copy Files */,
				7FF398BC191552D000C8114E /* CommuteStream.h in Copy Files */,
			);
			name = "Copy Files";
			runOnlyForDeploymentPostprocessing = 0;
		};
/* End PBXCopyFilesBuildPhase section */

/* Begin PBXFileReference section */
		1B7395171C875EF200606647 /* ImageIO.framework */ = {isa = PBXFileReference; lastKnownFileType = wrapper.framework; name = ImageIO.framework; path = System/Library/Frameworks/ImageIO.framework; sourceTree = SDKROOT; };
		1B7395191C875EF800606647 /* CoreImage.framework */ = {isa = PBXFileReference; lastKnownFileType = wrapper.framework; name = CoreImage.framework; path = System/Library/Frameworks/CoreImage.framework; sourceTree = SDKROOT; };
		7F38C4F31DD110EF002F9A02 /* CSGestureRecognizer.h */ = {isa = PBXFileReference; fileEncoding = 4; lastKnownFileType = sourcecode.c.h; path = CSGestureRecognizer.h; sourceTree = "<group>"; };
		7F38C4F41DD110EF002F9A02 /* CSGestureRecognizer.m */ = {isa = PBXFileReference; fileEncoding = 4; lastKnownFileType = sourcecode.c.objc; path = CSGestureRecognizer.m; sourceTree = "<group>"; };
		7F9BFD7D19225D2200DF667C /* GADAdMobExtras.h */ = {isa = PBXFileReference; lastKnownFileType = sourcecode.c.h; path = GADAdMobExtras.h; sourceTree = "<group>"; };
		7F9BFD7E19225D2200DF667C /* GADAdNetworkExtras.h */ = {isa = PBXFileReference; lastKnownFileType = sourcecode.c.h; path = GADAdNetworkExtras.h; sourceTree = "<group>"; };
		7F9BFD7F19225D2200DF667C /* GADAdSize.h */ = {isa = PBXFileReference; lastKnownFileType = sourcecode.c.h; path = GADAdSize.h; sourceTree = "<group>"; };
		7F9BFD8019225D2200DF667C /* GADBannerView.h */ = {isa = PBXFileReference; lastKnownFileType = sourcecode.c.h; path = GADBannerView.h; sourceTree = "<group>"; };
		7F9BFD8119225D2200DF667C /* GADBannerViewDelegate.h */ = {isa = PBXFileReference; lastKnownFileType = sourcecode.c.h; path = GADBannerViewDelegate.h; sourceTree = "<group>"; };
		7F9BFD8219225D2200DF667C /* GADInAppPurchase.h */ = {isa = PBXFileReference; lastKnownFileType = sourcecode.c.h; path = GADInAppPurchase.h; sourceTree = "<group>"; };
		7F9BFD8319225D2200DF667C /* GADInAppPurchaseDelegate.h */ = {isa = PBXFileReference; lastKnownFileType = sourcecode.c.h; path = GADInAppPurchaseDelegate.h; sourceTree = "<group>"; };
		7F9BFD8419225D2200DF667C /* GADInterstitial.h */ = {isa = PBXFileReference; lastKnownFileType = sourcecode.c.h; path = GADInterstitial.h; sourceTree = "<group>"; };
		7F9BFD8519225D2200DF667C /* GADInterstitialDelegate.h */ = {isa = PBXFileReference; lastKnownFileType = sourcecode.c.h; path = GADInterstitialDelegate.h; sourceTree = "<group>"; };
		7F9BFD8619225D2200DF667C /* GADModules.h */ = {isa = PBXFileReference; lastKnownFileType = sourcecode.c.h; path = GADModules.h; sourceTree = "<group>"; };
		7F9BFD8719225D2200DF667C /* GADRequest.h */ = {isa = PBXFileReference; lastKnownFileType = sourcecode.c.h; path = GADRequest.h; sourceTree = "<group>"; };
		7F9BFD8819225D2200DF667C /* GADRequestError.h */ = {isa = PBXFileReference; lastKnownFileType = sourcecode.c.h; path = GADRequestError.h; sourceTree = "<group>"; };
		7F9BFD8919225D3700DF667C /* GADCustomEventBanner.h */ = {isa = PBXFileReference; lastKnownFileType = sourcecode.c.h; path = GADCustomEventBanner.h; sourceTree = "<group>"; };
		7F9BFD8A19225D3700DF667C /* GADCustomEventBannerDelegate.h */ = {isa = PBXFileReference; lastKnownFileType = sourcecode.c.h; path = GADCustomEventBannerDelegate.h; sourceTree = "<group>"; };
		7F9BFD8B19225D3700DF667C /* GADCustomEventExtras.h */ = {isa = PBXFileReference; lastKnownFileType = sourcecode.c.h; path = GADCustomEventExtras.h; sourceTree = "<group>"; };
		7F9BFD8C19225D3700DF667C /* GADCustomEventInterstitial.h */ = {isa = PBXFileReference; lastKnownFileType = sourcecode.c.h; path = GADCustomEventInterstitial.h; sourceTree = "<group>"; };
		7F9BFD8D19225D3700DF667C /* GADCustomEventInterstitialDelegate.h */ = {isa = PBXFileReference; lastKnownFileType = sourcecode.c.h; path = GADCustomEventInterstitialDelegate.h; sourceTree = "<group>"; };
		7F9BFD8E19225D3700DF667C /* GADCustomEventRequest.h */ = {isa = PBXFileReference; lastKnownFileType = sourcecode.c.h; path = GADCustomEventRequest.h; sourceTree = "<group>"; };
		7FC68B1E1DAECC9900DBFD9B /* CSMRAIDView.h */ = {isa = PBXFileReference; fileEncoding = 4; lastKnownFileType = sourcecode.c.h; name = CSMRAIDView.h; path = CommuteStream/CSMRAIDView.h; sourceTree = "<group>"; };
		7FC68B1F1DAECC9900DBFD9B /* CSMRAIDView.m */ = {isa = PBXFileReference; fileEncoding = 4; lastKnownFileType = sourcecode.c.objc; name = CSMRAIDView.m; path = CommuteStream/CSMRAIDView.m; sourceTree = "<group>"; };
		7FC68B221DAECD6900DBFD9B /* CSMRAIDOrientationProperties.h */ = {isa = PBXFileReference; fileEncoding = 4; lastKnownFileType = sourcecode.c.h; name = CSMRAIDOrientationProperties.h; path = CommuteStream/CSMRAIDOrientationProperties.h; sourceTree = "<group>"; };
		7FC68B231DAECD6900DBFD9B /* CSMRAIDOrientationProperties.m */ = {isa = PBXFileReference; fileEncoding = 4; lastKnownFileType = sourcecode.c.objc; name = CSMRAIDOrientationProperties.m; path = CommuteStream/CSMRAIDOrientationProperties.m; sourceTree = "<group>"; };
		7FC68B281DAECE2600DBFD9B /* CSMRAIDResizeProperties.h */ = {isa = PBXFileReference; fileEncoding = 4; lastKnownFileType = sourcecode.c.h; name = CSMRAIDResizeProperties.h; path = CommuteStream/CSMRAIDResizeProperties.h; sourceTree = "<group>"; };
		7FC68B291DAECE2600DBFD9B /* CSMRAIDResizeProperties.m */ = {isa = PBXFileReference; fileEncoding = 4; lastKnownFileType = sourcecode.c.objc; name = CSMRAIDResizeProperties.m; path = CommuteStream/CSMRAIDResizeProperties.m; sourceTree = "<group>"; };
		7FC68B2C1DAECEB100DBFD9B /* CSMRAIDParser.h */ = {isa = PBXFileReference; fileEncoding = 4; lastKnownFileType = sourcecode.c.h; name = CSMRAIDParser.h; path = CommuteStream/CSMRAIDParser.h; sourceTree = "<group>"; };
		7FC68B2D1DAECEB100DBFD9B /* CSMRAIDParser.m */ = {isa = PBXFileReference; fileEncoding = 4; lastKnownFileType = sourcecode.c.objc; name = CSMRAIDParser.m; path = CommuteStream/CSMRAIDParser.m; sourceTree = "<group>"; };
		7FC68B301DAECF5400DBFD9B /* CSLogger.h */ = {isa = PBXFileReference; fileEncoding = 4; lastKnownFileType = sourcecode.c.h; path = CSLogger.h; sourceTree = "<group>"; };
		7FC68B311DAECF5400DBFD9B /* CSLogger.m */ = {isa = PBXFileReference; fileEncoding = 4; lastKnownFileType = sourcecode.c.objc; path = CSLogger.m; sourceTree = "<group>"; };
		7FC68B341DAED0D800DBFD9B /* CSMRAIDModalViewController.h */ = {isa = PBXFileReference; fileEncoding = 4; lastKnownFileType = sourcecode.c.h; name = CSMRAIDModalViewController.h; path = CommuteStream/CSMRAIDModalViewController.h; sourceTree = "<group>"; };
		7FC68B351DAED0D800DBFD9B /* CSMRAIDModalViewController.m */ = {isa = PBXFileReference; fileEncoding = 4; lastKnownFileType = sourcecode.c.objc; name = CSMRAIDModalViewController.m; path = CommuteStream/CSMRAIDModalViewController.m; sourceTree = "<group>"; };
		7FC68B381DAED1AF00DBFD9B /* CSMRAIDServiceDelegate.h */ = {isa = PBXFileReference; lastKnownFileType = sourcecode.c.h; name = CSMRAIDServiceDelegate.h; path = CommuteStream/CSMRAIDServiceDelegate.h; sourceTree = "<group>"; };
		7FC68B391DAED20700DBFD9B /* CSMRAIDUtil.h */ = {isa = PBXFileReference; fileEncoding = 4; lastKnownFileType = sourcecode.c.h; name = CSMRAIDUtil.h; path = CommuteStream/CSMRAIDUtil.h; sourceTree = "<group>"; };
		7FC68B3A1DAED20700DBFD9B /* CSMRAIDUtil.m */ = {isa = PBXFileReference; fileEncoding = 4; lastKnownFileType = sourcecode.c.objc; name = CSMRAIDUtil.m; path = CommuteStream/CSMRAIDUtil.m; sourceTree = "<group>"; };
		7FC68B3D1DAED2F600DBFD9B /* CSMRAIDSettings.h */ = {isa = PBXFileReference; fileEncoding = 4; lastKnownFileType = sourcecode.c.h; name = CSMRAIDSettings.h; path = CommuteStream/CSMRAIDSettings.h; sourceTree = "<group>"; };
		7FC68B3E1DAED2F600DBFD9B /* CSMRAIDSettings.m */ = {isa = PBXFileReference; fileEncoding = 4; lastKnownFileType = sourcecode.c.objc; name = CSMRAIDSettings.m; path = CommuteStream/CSMRAIDSettings.m; sourceTree = "<group>"; };
		7FC68B411DAED47700DBFD9B /* mraid.js */ = {isa = PBXFileReference; fileEncoding = 4; lastKnownFileType = sourcecode.javascript; name = mraid.js; path = CommuteStream/mraid.js; sourceTree = "<group>"; };
		7FC68B421DAED47700DBFD9B /* mraidjs.h */ = {isa = PBXFileReference; fileEncoding = 4; lastKnownFileType = sourcecode.c.h; name = mraidjs.h; path = CommuteStream/mraidjs.h; sourceTree = "<group>"; };
		7FC68B441DAED48D00DBFD9B /* CloseButton.h */ = {isa = PBXFileReference; fileEncoding = 4; lastKnownFileType = sourcecode.c.h; name = CloseButton.h; path = CommuteStream/CloseButton.h; sourceTree = "<group>"; };
		7FD99A171DB9497000E33562 /* CSAdFactory.h */ = {isa = PBXFileReference; fileEncoding = 4; lastKnownFileType = sourcecode.c.h; path = CSAdFactory.h; sourceTree = "<group>"; };
		7FD99A181DB9497000E33562 /* CSAdFactory.m */ = {isa = PBXFileReference; fileEncoding = 4; lastKnownFileType = sourcecode.c.objc; path = CSAdFactory.m; sourceTree = "<group>"; };
		7FD99A1B1DB9544E00E33562 /* CSBasicBannerAdFactory.h */ = {isa = PBXFileReference; fileEncoding = 4; lastKnownFileType = sourcecode.c.h; path = CSBasicBannerAdFactory.h; sourceTree = "<group>"; };
		7FD99A1C1DB9544E00E33562 /* CSBasicBannerAdFactory.m */ = {isa = PBXFileReference; fileEncoding = 4; lastKnownFileType = sourcecode.c.objc; path = CSBasicBannerAdFactory.m; sourceTree = "<group>"; };
		7FD99A371DBE696600E33562 /* CSBasicBannerAd.h */ = {isa = PBXFileReference; fileEncoding = 4; lastKnownFileType = sourcecode.c.h; path = CSBasicBannerAd.h; sourceTree = "<group>"; };
		7FD99A381DBE696600E33562 /* CSBasicBannerAd.m */ = {isa = PBXFileReference; fileEncoding = 4; lastKnownFileType = sourcecode.c.objc; path = CSBasicBannerAd.m; sourceTree = "<group>"; };
		7FD99A431DBE7E8000E33562 /* banner.addEventListener.html */ = {isa = PBXFileReference; fileEncoding = 4; lastKnownFileType = text.html; path = banner.addEventListener.html; sourceTree = "<group>"; };
		7FD99A441DBE7E8000E33562 /* banner.callTel.html */ = {isa = PBXFileReference; fileEncoding = 4; lastKnownFileType = text.html; path = banner.callTel.html; sourceTree = "<group>"; };
		7FD99A451DBE7E8000E33562 /* banner.close.html */ = {isa = PBXFileReference; fileEncoding = 4; lastKnownFileType = text.html; path = banner.close.html; sourceTree = "<group>"; };
		7FD99A461DBE7E8000E33562 /* banner.createCalendarEvent.html */ = {isa = PBXFileReference; fileEncoding = 4; lastKnownFileType = text.html; path = banner.createCalendarEvent.html; sourceTree = "<group>"; };
		7FD99A471DBE7E8000E33562 /* banner.error.html */ = {isa = PBXFileReference; fileEncoding = 4; lastKnownFileType = text.html; path = banner.error.html; sourceTree = "<group>"; };
		7FD99A481DBE7E8000E33562 /* banner.expand.1-part.fullHtml.html */ = {isa = PBXFileReference; fileEncoding = 4; lastKnownFileType = text.html; path = "banner.expand.1-part.fullHtml.html"; sourceTree = "<group>"; };
		7FD99A491DBE7E8000E33562 /* banner.expand.1-part.partialHtml.html */ = {isa = PBXFileReference; fileEncoding = 4; lastKnownFileType = text.html; path = "banner.expand.1-part.partialHtml.html"; sourceTree = "<group>"; };
		7FD99A4A1DBE7E8000E33562 /* banner.expand.2-part.part1.html */ = {isa = PBXFileReference; fileEncoding = 4; lastKnownFileType = text.html; path = "banner.expand.2-part.part1.html"; sourceTree = "<group>"; };
		7FD99A4B1DBE7E8000E33562 /* banner.expand.2-part.part2.html */ = {isa = PBXFileReference; fileEncoding = 4; lastKnownFileType = text.html; path = "banner.expand.2-part.part2.html"; sourceTree = "<group>"; };
		7FD99A4C1DBE7E8000E33562 /* banner.fragment.html */ = {isa = PBXFileReference; fileEncoding = 4; lastKnownFileType = text.html; path = banner.fragment.html; sourceTree = "<group>"; };
		7FD99A4D1DBE7E8000E33562 /* banner.getCurrentPosition.html */ = {isa = PBXFileReference; fileEncoding = 4; lastKnownFileType = text.html; path = banner.getCurrentPosition.html; sourceTree = "<group>"; };
		7FD99A4E1DBE7E8000E33562 /* banner.getDefaultPosition.html */ = {isa = PBXFileReference; fileEncoding = 4; lastKnownFileType = text.html; path = banner.getDefaultPosition.html; sourceTree = "<group>"; };
		7FD99A4F1DBE7E8000E33562 /* banner.getExpandProperties.html */ = {isa = PBXFileReference; fileEncoding = 4; lastKnownFileType = text.html; path = banner.getExpandProperties.html; sourceTree = "<group>"; };
		7FD99A501DBE7E8000E33562 /* banner.getMaxSize.html */ = {isa = PBXFileReference; fileEncoding = 4; lastKnownFileType = text.html; path = banner.getMaxSize.html; sourceTree = "<group>"; };
		7FD99A511DBE7E8000E33562 /* banner.getOrientationProperties.html */ = {isa = PBXFileReference; fileEncoding = 4; lastKnownFileType = text.html; path = banner.getOrientationProperties.html; sourceTree = "<group>"; };
		7FD99A521DBE7E8000E33562 /* banner.getPlacementType.html */ = {isa = PBXFileReference; fileEncoding = 4; lastKnownFileType = text.html; path = banner.getPlacementType.html; sourceTree = "<group>"; };
		7FD99A531DBE7E8000E33562 /* banner.getResizeProperties.html */ = {isa = PBXFileReference; fileEncoding = 4; lastKnownFileType = text.html; path = banner.getResizeProperties.html; sourceTree = "<group>"; };
		7FD99A541DBE7E8000E33562 /* banner.getScreenSize.html */ = {isa = PBXFileReference; fileEncoding = 4; lastKnownFileType = text.html; path = banner.getScreenSize.html; sourceTree = "<group>"; };
		7FD99A551DBE7E8000E33562 /* banner.getStates.html */ = {isa = PBXFileReference; fileEncoding = 4; lastKnownFileType = text.html; path = banner.getStates.html; sourceTree = "<group>"; };
		7FD99A561DBE7E8000E33562 /* banner.getStatesResize.html */ = {isa = PBXFileReference; fileEncoding = 4; lastKnownFileType = text.html; path = banner.getStatesResize.html; sourceTree = "<group>"; };
		7FD99A571DBE7E8000E33562 /* banner.getVersion.html */ = {isa = PBXFileReference; fileEncoding = 4; lastKnownFileType = text.html; path = banner.getVersion.html; sourceTree = "<group>"; };
		7FD99A581DBE7E8000E33562 /* banner.isViewable.html */ = {isa = PBXFileReference; fileEncoding = 4; lastKnownFileType = text.html; path = banner.isViewable.html; sourceTree = "<group>"; };
		7FD99A591DBE7E8000E33562 /* banner.noMraidJS.html */ = {isa = PBXFileReference; fileEncoding = 4; lastKnownFileType = text.html; path = banner.noMraidJS.html; sourceTree = "<group>"; };
		7FD99A5A1DBE7E8000E33562 /* banner.noMraidJSFrag.html */ = {isa = PBXFileReference; fileEncoding = 4; lastKnownFileType = text.html; path = banner.noMraidJSFrag.html; sourceTree = "<group>"; };
		7FD99A5B1DBE7E8000E33562 /* banner.open.html */ = {isa = PBXFileReference; fileEncoding = 4; lastKnownFileType = text.html; path = banner.open.html; sourceTree = "<group>"; };
		7FD99A5C1DBE7E8000E33562 /* banner.playInlineVideo.html */ = {isa = PBXFileReference; fileEncoding = 4; lastKnownFileType = text.html; path = banner.playInlineVideo.html; sourceTree = "<group>"; };
		7FD99A5D1DBE7E8000E33562 /* banner.playVideo.html */ = {isa = PBXFileReference; fileEncoding = 4; lastKnownFileType = text.html; path = banner.playVideo.html; sourceTree = "<group>"; };
		7FD99A5E1DBE7E8000E33562 /* banner.ready.html */ = {isa = PBXFileReference; fileEncoding = 4; lastKnownFileType = text.html; path = banner.ready.html; sourceTree = "<group>"; };
		7FD99A5F1DBE7E8000E33562 /* banner.removeAllEventListeners.html */ = {isa = PBXFileReference; fileEncoding = 4; lastKnownFileType = text.html; path = banner.removeAllEventListeners.html; sourceTree = "<group>"; };
		7FD99A601DBE7E8000E33562 /* banner.removeEventListener.html */ = {isa = PBXFileReference; fileEncoding = 4; lastKnownFileType = text.html; path = banner.removeEventListener.html; sourceTree = "<group>"; };
		7FD99A611DBE7E8000E33562 /* banner.resize.html */ = {isa = PBXFileReference; fileEncoding = 4; lastKnownFileType = text.html; path = banner.resize.html; sourceTree = "<group>"; };
		7FD99A621DBE7E8000E33562 /* banner.resizeExpand.html */ = {isa = PBXFileReference; fileEncoding = 4; lastKnownFileType = text.html; path = banner.resizeExpand.html; sourceTree = "<group>"; };
		7FD99A631DBE7E8000E33562 /* banner.sendSMS.html */ = {isa = PBXFileReference; fileEncoding = 4; lastKnownFileType = text.html; path = banner.sendSMS.html; sourceTree = "<group>"; };
		7FD99A641DBE7E8000E33562 /* banner.setExpandProperties.html */ = {isa = PBXFileReference; fileEncoding = 4; lastKnownFileType = text.html; path = banner.setExpandProperties.html; sourceTree = "<group>"; };
		7FD99A651DBE7E8000E33562 /* banner.setExpandPropertiesInvalid.html */ = {isa = PBXFileReference; fileEncoding = 4; lastKnownFileType = text.html; path = banner.setExpandPropertiesInvalid.html; sourceTree = "<group>"; };
		7FD99A661DBE7E8000E33562 /* banner.setOrientationProperties.html */ = {isa = PBXFileReference; fileEncoding = 4; lastKnownFileType = text.html; path = banner.setOrientationProperties.html; sourceTree = "<group>"; };
		7FD99A671DBE7E8000E33562 /* banner.setResizeProperties.html */ = {isa = PBXFileReference; fileEncoding = 4; lastKnownFileType = text.html; path = banner.setResizeProperties.html; sourceTree = "<group>"; };
		7FD99A681DBE7E8000E33562 /* banner.simple.html */ = {isa = PBXFileReference; fileEncoding = 4; lastKnownFileType = text.html; path = banner.simple.html; sourceTree = "<group>"; };
		7FD99A691DBE7E8000E33562 /* banner.sizeChange.html */ = {isa = PBXFileReference; fileEncoding = 4; lastKnownFileType = text.html; path = banner.sizeChange.html; sourceTree = "<group>"; };
		7FD99A6A1DBE7E8000E33562 /* banner.stateChange.html */ = {isa = PBXFileReference; fileEncoding = 4; lastKnownFileType = text.html; path = banner.stateChange.html; sourceTree = "<group>"; };
		7FD99A6B1DBE7E8000E33562 /* banner.storePicture.html */ = {isa = PBXFileReference; fileEncoding = 4; lastKnownFileType = text.html; path = banner.storePicture.html; sourceTree = "<group>"; };
		7FD99A6C1DBE7E8000E33562 /* banner.supports.html */ = {isa = PBXFileReference; fileEncoding = 4; lastKnownFileType = text.html; path = banner.supports.html; sourceTree = "<group>"; };
		7FD99A6D1DBE7E8000E33562 /* banner.useCustomClose.html */ = {isa = PBXFileReference; fileEncoding = 4; lastKnownFileType = text.html; path = banner.useCustomClose.html; sourceTree = "<group>"; };
		7FD99A6E1DBE7E8000E33562 /* banner.viewableChange.html */ = {isa = PBXFileReference; fileEncoding = 4; lastKnownFileType = text.html; path = banner.viewableChange.html; sourceTree = "<group>"; };
		7FD99A6F1DBE7E8000E33562 /* close.png */ = {isa = PBXFileReference; lastKnownFileType = image.png; path = close.png; sourceTree = "<group>"; };
		7FD99A701DBE7E8000E33562 /* interstitial.addEventListener.html */ = {isa = PBXFileReference; fileEncoding = 4; lastKnownFileType = text.html; path = interstitial.addEventListener.html; sourceTree = "<group>"; };
		7FD99A711DBE7E8000E33562 /* interstitial.close.html */ = {isa = PBXFileReference; fileEncoding = 4; lastKnownFileType = text.html; path = interstitial.close.html; sourceTree = "<group>"; };
		7FD99A721DBE7E8000E33562 /* interstitial.createCalendarEvent.html */ = {isa = PBXFileReference; fileEncoding = 4; lastKnownFileType = text.html; path = interstitial.createCalendarEvent.html; sourceTree = "<group>"; };
		7FD99A731DBE7E8000E33562 /* interstitial.error.html */ = {isa = PBXFileReference; fileEncoding = 4; lastKnownFileType = text.html; path = interstitial.error.html; sourceTree = "<group>"; };
		7FD99A741DBE7E8000E33562 /* interstitial.fragment.html */ = {isa = PBXFileReference; fileEncoding = 4; lastKnownFileType = text.html; path = interstitial.fragment.html; sourceTree = "<group>"; };
		7FD99A751DBE7E8000E33562 /* interstitial.getCurrentPosition.html */ = {isa = PBXFileReference; fileEncoding = 4; lastKnownFileType = text.html; path = interstitial.getCurrentPosition.html; sourceTree = "<group>"; };
		7FD99A761DBE7E8000E33562 /* interstitial.getDefaultPosition.html */ = {isa = PBXFileReference; fileEncoding = 4; lastKnownFileType = text.html; path = interstitial.getDefaultPosition.html; sourceTree = "<group>"; };
		7FD99A771DBE7E8000E33562 /* interstitial.getMaxSize.html */ = {isa = PBXFileReference; fileEncoding = 4; lastKnownFileType = text.html; path = interstitial.getMaxSize.html; sourceTree = "<group>"; };
		7FD99A781DBE7E8000E33562 /* interstitial.getOrientationProperties.html */ = {isa = PBXFileReference; fileEncoding = 4; lastKnownFileType = text.html; path = interstitial.getOrientationProperties.html; sourceTree = "<group>"; };
		7FD99A791DBE7E8000E33562 /* interstitial.getScreenSize.html */ = {isa = PBXFileReference; fileEncoding = 4; lastKnownFileType = text.html; path = interstitial.getScreenSize.html; sourceTree = "<group>"; };
		7FD99A7A1DBE7E8000E33562 /* interstitial.getStates.html */ = {isa = PBXFileReference; fileEncoding = 4; lastKnownFileType = text.html; path = interstitial.getStates.html; sourceTree = "<group>"; };
		7FD99A7B1DBE7E8000E33562 /* interstitial.getVersion.html */ = {isa = PBXFileReference; fileEncoding = 4; lastKnownFileType = text.html; path = interstitial.getVersion.html; sourceTree = "<group>"; };
		7FD99A7C1DBE7E8000E33562 /* interstitial.isViewable.html */ = {isa = PBXFileReference; fileEncoding = 4; lastKnownFileType = text.html; path = interstitial.isViewable.html; sourceTree = "<group>"; };
		7FD99A7D1DBE7E8000E33562 /* interstitial.noMraidJS.html */ = {isa = PBXFileReference; fileEncoding = 4; lastKnownFileType = text.html; path = interstitial.noMraidJS.html; sourceTree = "<group>"; };
		7FD99A7E1DBE7E8000E33562 /* interstitial.noMraidJSFrag.html */ = {isa = PBXFileReference; fileEncoding = 4; lastKnownFileType = text.html; path = interstitial.noMraidJSFrag.html; sourceTree = "<group>"; };
		7FD99A7F1DBE7E8000E33562 /* interstitial.open.html */ = {isa = PBXFileReference; fileEncoding = 4; lastKnownFileType = text.html; path = interstitial.open.html; sourceTree = "<group>"; };
		7FD99A801DBE7E8000E33562 /* interstitial.playInlineVideo.html */ = {isa = PBXFileReference; fileEncoding = 4; lastKnownFileType = text.html; path = interstitial.playInlineVideo.html; sourceTree = "<group>"; };
		7FD99A811DBE7E8000E33562 /* interstitial.playVideo.html */ = {isa = PBXFileReference; fileEncoding = 4; lastKnownFileType = text.html; path = interstitial.playVideo.html; sourceTree = "<group>"; };
		7FD99A821DBE7E8000E33562 /* interstitial.ready.html */ = {isa = PBXFileReference; fileEncoding = 4; lastKnownFileType = text.html; path = interstitial.ready.html; sourceTree = "<group>"; };
		7FD99A831DBE7E8000E33562 /* interstitial.removeEventListener.html */ = {isa = PBXFileReference; fileEncoding = 4; lastKnownFileType = text.html; path = interstitial.removeEventListener.html; sourceTree = "<group>"; };
		7FD99A841DBE7E8000E33562 /* interstitial.setExpandPropertiesInvalid.html */ = {isa = PBXFileReference; fileEncoding = 4; lastKnownFileType = text.html; path = interstitial.setExpandPropertiesInvalid.html; sourceTree = "<group>"; };
		7FD99A851DBE7E8000E33562 /* interstitial.setOrientationProperties.html */ = {isa = PBXFileReference; fileEncoding = 4; lastKnownFileType = text.html; path = interstitial.setOrientationProperties.html; sourceTree = "<group>"; };
		7FD99A861DBE7E8000E33562 /* interstitial.simple.html */ = {isa = PBXFileReference; fileEncoding = 4; lastKnownFileType = text.html; path = interstitial.simple.html; sourceTree = "<group>"; };
		7FD99A871DBE7E8000E33562 /* interstitial.sizeChange.html */ = {isa = PBXFileReference; fileEncoding = 4; lastKnownFileType = text.html; path = interstitial.sizeChange.html; sourceTree = "<group>"; };
		7FD99A881DBE7E8000E33562 /* interstitial.stateChange.html */ = {isa = PBXFileReference; fileEncoding = 4; lastKnownFileType = text.html; path = interstitial.stateChange.html; sourceTree = "<group>"; };
		7FD99A891DBE7E8000E33562 /* interstitial.storePicture.html */ = {isa = PBXFileReference; fileEncoding = 4; lastKnownFileType = text.html; path = interstitial.storePicture.html; sourceTree = "<group>"; };
		7FD99A8A1DBE7E8000E33562 /* interstitial.supports.html */ = {isa = PBXFileReference; fileEncoding = 4; lastKnownFileType = text.html; path = interstitial.supports.html; sourceTree = "<group>"; };
		7FD99A8B1DBE7E8000E33562 /* interstitial.telsms.html */ = {isa = PBXFileReference; fileEncoding = 4; lastKnownFileType = text.html; path = interstitial.telsms.html; sourceTree = "<group>"; };
		7FD99A8C1DBE7E8000E33562 /* interstitial.useCustomClose.html */ = {isa = PBXFileReference; fileEncoding = 4; lastKnownFileType = text.html; path = interstitial.useCustomClose.html; sourceTree = "<group>"; };
		7FD99A8D1DBE7E8000E33562 /* interstitial.viewableChange.html */ = {isa = PBXFileReference; fileEncoding = 4; lastKnownFileType = text.html; path = interstitial.viewableChange.html; sourceTree = "<group>"; };
		7FD99A8E1DBE7E8000E33562 /* nexage.gif */ = {isa = PBXFileReference; lastKnownFileType = image.gif; path = nexage.gif; sourceTree = "<group>"; };
		7FD99A8F1DBE7FA900E33562 /* CSTestHTMLBanner.h */ = {isa = PBXFileReference; fileEncoding = 4; lastKnownFileType = sourcecode.c.h; path = CSTestHTMLBanner.h; sourceTree = "<group>"; };
		7FD99A901DBE7FA900E33562 /* CSTestHTMLBanner.m */ = {isa = PBXFileReference; fileEncoding = 4; lastKnownFileType = sourcecode.c.objc; path = CSTestHTMLBanner.m; sourceTree = "<group>"; };
		7FD99A931DBE822D00E33562 /* CSTestHTMLBannerFactory.h */ = {isa = PBXFileReference; fileEncoding = 4; lastKnownFileType = sourcecode.c.h; path = CSTestHTMLBannerFactory.h; sourceTree = "<group>"; };
		7FD99A941DBE822D00E33562 /* CSTestHTMLBannerFactory.m */ = {isa = PBXFileReference; fileEncoding = 4; lastKnownFileType = sourcecode.c.objc; path = CSTestHTMLBannerFactory.m; sourceTree = "<group>"; };
		7FD99AB11DBFC9DE00E33562 /* CSMRAIDViewFactory.h */ = {isa = PBXFileReference; fileEncoding = 4; lastKnownFileType = sourcecode.c.h; path = CSMRAIDViewFactory.h; sourceTree = "<group>"; };
		7FD99AB21DBFC9DE00E33562 /* CSMRAIDViewFactory.m */ = {isa = PBXFileReference; fileEncoding = 4; lastKnownFileType = sourcecode.c.objc; path = CSMRAIDViewFactory.m; sourceTree = "<group>"; };
		7FD99B811DC2A0A200E33562 /* CSWebView.h */ = {isa = PBXFileReference; fileEncoding = 4; lastKnownFileType = sourcecode.c.h; path = CSWebView.h; sourceTree = "<group>"; };
		7FD99B821DC2A0A200E33562 /* CSWebView.m */ = {isa = PBXFileReference; fileEncoding = 4; lastKnownFileType = sourcecode.c.objc; path = CSWebView.m; sourceTree = "<group>"; };
		7FF398B3191552D000C8114E /* libCommuteStream.a */ = {isa = PBXFileReference; explicitFileType = archive.ar; includeInIndex = 0; path = libCommuteStream.a; sourceTree = BUILT_PRODUCTS_DIR; };
		7FF398B6191552D000C8114E /* Foundation.framework */ = {isa = PBXFileReference; lastKnownFileType = wrapper.framework; name = Foundation.framework; path = System/Library/Frameworks/Foundation.framework; sourceTree = SDKROOT; };
		7FF398BA191552D000C8114E /* CommuteStream-Prefix.pch */ = {isa = PBXFileReference; lastKnownFileType = sourcecode.c.h; path = "CommuteStream-Prefix.pch"; sourceTree = "<group>"; };
		7FF398BB191552D000C8114E /* CommuteStream.h */ = {isa = PBXFileReference; lastKnownFileType = sourcecode.c.h; path = CommuteStream.h; sourceTree = "<group>"; };
		7FF398BD191552D000C8114E /* CommuteStream.m */ = {isa = PBXFileReference; lastKnownFileType = sourcecode.c.objc; path = CommuteStream.m; sourceTree = "<group>"; };
		7FF398C3191552D100C8114E /* CommuteStreamTests.xctest */ = {isa = PBXFileReference; explicitFileType = wrapper.cfbundle; includeInIndex = 0; path = CommuteStreamTests.xctest; sourceTree = BUILT_PRODUCTS_DIR; };
		7FF398C4191552D100C8114E /* XCTest.framework */ = {isa = PBXFileReference; lastKnownFileType = wrapper.framework; name = XCTest.framework; path = Library/Frameworks/XCTest.framework; sourceTree = DEVELOPER_DIR; };
		7FF398C7191552D100C8114E /* UIKit.framework */ = {isa = PBXFileReference; lastKnownFileType = wrapper.framework; name = UIKit.framework; path = Library/Frameworks/UIKit.framework; sourceTree = DEVELOPER_DIR; };
		7FF398CE191552D100C8114E /* CommuteStreamTests-Info.plist */ = {isa = PBXFileReference; lastKnownFileType = text.plist.xml; path = "CommuteStreamTests-Info.plist"; sourceTree = "<group>"; };
		7FF398D0191552D100C8114E /* en */ = {isa = PBXFileReference; lastKnownFileType = text.plist.strings; name = en; path = en.lproj/InfoPlist.strings; sourceTree = "<group>"; };
		7FF398D2191552D100C8114E /* CommuteStreamTests.m */ = {isa = PBXFileReference; lastKnownFileType = sourcecode.c.objc; path = CommuteStreamTests.m; sourceTree = "<group>"; };
		7FF398DE1915538600C8114E /* NSAlert+MKNetworkKitAdditions.h */ = {isa = PBXFileReference; fileEncoding = 4; lastKnownFileType = sourcecode.c.h; path = "NSAlert+MKNetworkKitAdditions.h"; sourceTree = "<group>"; };
		7FF398DF1915538600C8114E /* NSAlert+MKNetworkKitAdditions.m */ = {isa = PBXFileReference; fileEncoding = 4; lastKnownFileType = sourcecode.c.objc; path = "NSAlert+MKNetworkKitAdditions.m"; sourceTree = "<group>"; };
		7FF398E01915538600C8114E /* NSData+MKBase64.h */ = {isa = PBXFileReference; fileEncoding = 4; lastKnownFileType = sourcecode.c.h; path = "NSData+MKBase64.h"; sourceTree = "<group>"; };
		7FF398E11915538600C8114E /* NSData+MKBase64.m */ = {isa = PBXFileReference; fileEncoding = 4; lastKnownFileType = sourcecode.c.objc; path = "NSData+MKBase64.m"; sourceTree = "<group>"; };
		7FF398E21915538600C8114E /* NSDate+RFC1123.h */ = {isa = PBXFileReference; fileEncoding = 4; lastKnownFileType = sourcecode.c.h; path = "NSDate+RFC1123.h"; sourceTree = "<group>"; };
		7FF398E31915538600C8114E /* NSDate+RFC1123.m */ = {isa = PBXFileReference; fileEncoding = 4; lastKnownFileType = sourcecode.c.objc; path = "NSDate+RFC1123.m"; sourceTree = "<group>"; };
		7FF398E41915538600C8114E /* NSDictionary+RequestEncoding.h */ = {isa = PBXFileReference; fileEncoding = 4; lastKnownFileType = sourcecode.c.h; path = "NSDictionary+RequestEncoding.h"; sourceTree = "<group>"; };
		7FF398E51915538600C8114E /* NSDictionary+RequestEncoding.m */ = {isa = PBXFileReference; fileEncoding = 4; lastKnownFileType = sourcecode.c.objc; path = "NSDictionary+RequestEncoding.m"; sourceTree = "<group>"; };
		7FF398E61915538600C8114E /* NSString+MKNetworkKitAdditions.h */ = {isa = PBXFileReference; fileEncoding = 4; lastKnownFileType = sourcecode.c.h; path = "NSString+MKNetworkKitAdditions.h"; sourceTree = "<group>"; };
		7FF398E71915538600C8114E /* NSString+MKNetworkKitAdditions.m */ = {isa = PBXFileReference; fileEncoding = 4; lastKnownFileType = sourcecode.c.objc; path = "NSString+MKNetworkKitAdditions.m"; sourceTree = "<group>"; };
		7FF398E81915538600C8114E /* UIAlertView+MKNetworkKitAdditions.h */ = {isa = PBXFileReference; fileEncoding = 4; lastKnownFileType = sourcecode.c.h; path = "UIAlertView+MKNetworkKitAdditions.h"; sourceTree = "<group>"; };
		7FF398E91915538600C8114E /* UIAlertView+MKNetworkKitAdditions.m */ = {isa = PBXFileReference; fileEncoding = 4; lastKnownFileType = sourcecode.c.objc; path = "UIAlertView+MKNetworkKitAdditions.m"; sourceTree = "<group>"; };
		7FF398EA1915538600C8114E /* UIImageView+MKNetworkKitAdditions.h */ = {isa = PBXFileReference; fileEncoding = 4; lastKnownFileType = sourcecode.c.h; path = "UIImageView+MKNetworkKitAdditions.h"; sourceTree = "<group>"; };
		7FF398EB1915538600C8114E /* UIImageView+MKNetworkKitAdditions.m */ = {isa = PBXFileReference; fileEncoding = 4; lastKnownFileType = sourcecode.c.objc; path = "UIImageView+MKNetworkKitAdditions.m"; sourceTree = "<group>"; };
		7FF398EC1915538600C8114E /* MKNetworkEngine.h */ = {isa = PBXFileReference; fileEncoding = 4; lastKnownFileType = sourcecode.c.h; path = MKNetworkEngine.h; sourceTree = "<group>"; };
		7FF398ED1915538600C8114E /* MKNetworkEngine.m */ = {isa = PBXFileReference; fileEncoding = 4; lastKnownFileType = sourcecode.c.objc; path = MKNetworkEngine.m; sourceTree = "<group>"; };
		7FF398EE1915538600C8114E /* MKNetworkKit.h */ = {isa = PBXFileReference; fileEncoding = 4; lastKnownFileType = sourcecode.c.h; path = MKNetworkKit.h; sourceTree = "<group>"; };
		7FF398EF1915538600C8114E /* MKNetworkOperation.h */ = {isa = PBXFileReference; fileEncoding = 4; lastKnownFileType = sourcecode.c.h; path = MKNetworkOperation.h; sourceTree = "<group>"; };
		7FF398F01915538600C8114E /* MKNetworkOperation.m */ = {isa = PBXFileReference; fileEncoding = 4; lastKnownFileType = sourcecode.c.objc; path = MKNetworkOperation.m; sourceTree = "<group>"; };
		7FF398F21915538600C8114E /* Reachability.h */ = {isa = PBXFileReference; fileEncoding = 4; lastKnownFileType = sourcecode.c.h; path = Reachability.h; sourceTree = "<group>"; };
		7FF398F31915538600C8114E /* Reachability.m */ = {isa = PBXFileReference; fileEncoding = 4; lastKnownFileType = sourcecode.c.objc; path = Reachability.m; sourceTree = "<group>"; };
		7FF398FE191553C300C8114E /* CSNetworkEngine.h */ = {isa = PBXFileReference; fileEncoding = 4; lastKnownFileType = sourcecode.c.h; path = CSNetworkEngine.h; sourceTree = "<group>"; };
		7FF398FF191553C300C8114E /* CSNetworkEngine.m */ = {isa = PBXFileReference; fileEncoding = 4; lastKnownFileType = sourcecode.c.objc; path = CSNetworkEngine.m; sourceTree = "<group>"; };
		7FF39901191554CB00C8114E /* CSCustomBanner.h */ = {isa = PBXFileReference; fileEncoding = 4; lastKnownFileType = sourcecode.c.h; path = CSCustomBanner.h; sourceTree = "<group>"; };
		7FF39902191554CB00C8114E /* CSCustomBanner.m */ = {isa = PBXFileReference; fileEncoding = 4; lastKnownFileType = sourcecode.c.objc; path = CSCustomBanner.m; sourceTree = "<group>"; };
		7FF3990F1915703400C8114E /* AdSupport.framework */ = {isa = PBXFileReference; lastKnownFileType = wrapper.framework; name = AdSupport.framework; path = System/Library/Frameworks/AdSupport.framework; sourceTree = SDKROOT; };
		7FF399101915703400C8114E /* AudioToolbox.framework */ = {isa = PBXFileReference; lastKnownFileType = wrapper.framework; name = AudioToolbox.framework; path = System/Library/Frameworks/AudioToolbox.framework; sourceTree = SDKROOT; };
		7FF399111915703400C8114E /* AVFoundation.framework */ = {isa = PBXFileReference; lastKnownFileType = wrapper.framework; name = AVFoundation.framework; path = System/Library/Frameworks/AVFoundation.framework; sourceTree = SDKROOT; };
		7FF399121915703400C8114E /* CoreGraphics.framework */ = {isa = PBXFileReference; lastKnownFileType = wrapper.framework; name = CoreGraphics.framework; path = System/Library/Frameworks/CoreGraphics.framework; sourceTree = SDKROOT; };
		7FF399131915703400C8114E /* CoreTelephony.framework */ = {isa = PBXFileReference; lastKnownFileType = wrapper.framework; name = CoreTelephony.framework; path = System/Library/Frameworks/CoreTelephony.framework; sourceTree = SDKROOT; };
		7FF399141915703400C8114E /* MessageUI.framework */ = {isa = PBXFileReference; lastKnownFileType = wrapper.framework; name = MessageUI.framework; path = System/Library/Frameworks/MessageUI.framework; sourceTree = SDKROOT; };
		7FF399151915703400C8114E /* StoreKit.framework */ = {isa = PBXFileReference; lastKnownFileType = wrapper.framework; name = StoreKit.framework; path = System/Library/Frameworks/StoreKit.framework; sourceTree = SDKROOT; };
		7FF399161915703400C8114E /* SystemConfiguration.framework */ = {isa = PBXFileReference; lastKnownFileType = wrapper.framework; name = SystemConfiguration.framework; path = System/Library/Frameworks/SystemConfiguration.framework; sourceTree = SDKROOT; };
/* End PBXFileReference section */

/* Begin PBXFrameworksBuildPhase section */
		7FF398B0191552D000C8114E /* Frameworks */ = {
			isa = PBXFrameworksBuildPhase;
			buildActionMask = 2147483647;
			files = (
				1B7395181C875EF200606647 /* ImageIO.framework in Frameworks */,
				7FF399171915703400C8114E /* AdSupport.framework in Frameworks */,
				7FF399181915703400C8114E /* AudioToolbox.framework in Frameworks */,
				7FF399191915703400C8114E /* AVFoundation.framework in Frameworks */,
				7FF3991A1915703400C8114E /* CoreGraphics.framework in Frameworks */,
				7FF3991B1915703400C8114E /* CoreTelephony.framework in Frameworks */,
				7FF3991C1915703400C8114E /* MessageUI.framework in Frameworks */,
				7FF3991D1915703400C8114E /* StoreKit.framework in Frameworks */,
				7FF3991E1915703400C8114E /* SystemConfiguration.framework in Frameworks */,
				7FF398B7191552D000C8114E /* Foundation.framework in Frameworks */,
			);
			runOnlyForDeploymentPostprocessing = 0;
		};
		7FF398C0191552D100C8114E /* Frameworks */ = {
			isa = PBXFrameworksBuildPhase;
			buildActionMask = 2147483647;
			files = (
				7FF398C5191552D100C8114E /* XCTest.framework in Frameworks */,
				7FF398C8191552D100C8114E /* UIKit.framework in Frameworks */,
				7FF398CB191552D100C8114E /* libCommuteStream.a in Frameworks */,
				7FF398C6191552D100C8114E /* Foundation.framework in Frameworks */,
			);
			runOnlyForDeploymentPostprocessing = 0;
		};
/* End PBXFrameworksBuildPhase section */

/* Begin PBXGroup section */
		7F2367C31917F1D300E3B73C /* Google AdMob */ = {
			isa = PBXGroup;
			children = (
				7F9BFD8919225D3700DF667C /* GADCustomEventBanner.h */,
				7F9BFD8A19225D3700DF667C /* GADCustomEventBannerDelegate.h */,
				7F9BFD8B19225D3700DF667C /* GADCustomEventExtras.h */,
				7F9BFD8C19225D3700DF667C /* GADCustomEventInterstitial.h */,
				7F9BFD8D19225D3700DF667C /* GADCustomEventInterstitialDelegate.h */,
				7F9BFD8E19225D3700DF667C /* GADCustomEventRequest.h */,
				7F9BFD7D19225D2200DF667C /* GADAdMobExtras.h */,
				7F9BFD7E19225D2200DF667C /* GADAdNetworkExtras.h */,
				7F9BFD7F19225D2200DF667C /* GADAdSize.h */,
				7F9BFD8019225D2200DF667C /* GADBannerView.h */,
				7F9BFD8119225D2200DF667C /* GADBannerViewDelegate.h */,
				7F9BFD8219225D2200DF667C /* GADInAppPurchase.h */,
				7F9BFD8319225D2200DF667C /* GADInAppPurchaseDelegate.h */,
				7F9BFD8419225D2200DF667C /* GADInterstitial.h */,
				7F9BFD8519225D2200DF667C /* GADInterstitialDelegate.h */,
				7F9BFD8619225D2200DF667C /* GADModules.h */,
				7F9BFD8719225D2200DF667C /* GADRequest.h */,
				7F9BFD8819225D2200DF667C /* GADRequestError.h */,
			);
			name = "Google AdMob";
			sourceTree = "<group>";
		};
		7FC68B261DAECDD000DBFD9B /* MRAID */ = {
			isa = PBXGroup;
			children = (
				7FC68B441DAED48D00DBFD9B /* CloseButton.h */,
				7FC68B411DAED47700DBFD9B /* mraid.js */,
				7FC68B421DAED47700DBFD9B /* mraidjs.h */,
				7FC68B2C1DAECEB100DBFD9B /* CSMRAIDParser.h */,
				7FC68B2D1DAECEB100DBFD9B /* CSMRAIDParser.m */,
				7FC68B1E1DAECC9900DBFD9B /* CSMRAIDView.h */,
				7FC68B1F1DAECC9900DBFD9B /* CSMRAIDView.m */,
				7FC68B271DAECDF300DBFD9B /* properties */,
				7FC68B341DAED0D800DBFD9B /* CSMRAIDModalViewController.h */,
				7FC68B351DAED0D800DBFD9B /* CSMRAIDModalViewController.m */,
				7FC68B381DAED1AF00DBFD9B /* CSMRAIDServiceDelegate.h */,
				7FC68B391DAED20700DBFD9B /* CSMRAIDUtil.h */,
				7FC68B3A1DAED20700DBFD9B /* CSMRAIDUtil.m */,
				7FC68B3D1DAED2F600DBFD9B /* CSMRAIDSettings.h */,
				7FC68B3E1DAED2F600DBFD9B /* CSMRAIDSettings.m */,
			);
			name = MRAID;
			path = ..;
			sourceTree = "<group>";
		};
		7FC68B271DAECDF300DBFD9B /* properties */ = {
			isa = PBXGroup;
			children = (
				7FC68B221DAECD6900DBFD9B /* CSMRAIDOrientationProperties.h */,
				7FC68B231DAECD6900DBFD9B /* CSMRAIDOrientationProperties.m */,
				7FC68B281DAECE2600DBFD9B /* CSMRAIDResizeProperties.h */,
				7FC68B291DAECE2600DBFD9B /* CSMRAIDResizeProperties.m */,
			);
			name = properties;
			sourceTree = "<group>";
		};
		7FD99A421DBE7E8000E33562 /* creatives */ = {
			isa = PBXGroup;
			children = (
				7FD99A431DBE7E8000E33562 /* banner.addEventListener.html */,
				7FD99A441DBE7E8000E33562 /* banner.callTel.html */,
				7FD99A451DBE7E8000E33562 /* banner.close.html */,
				7FD99A461DBE7E8000E33562 /* banner.createCalendarEvent.html */,
				7FD99A471DBE7E8000E33562 /* banner.error.html */,
				7FD99A481DBE7E8000E33562 /* banner.expand.1-part.fullHtml.html */,
				7FD99A491DBE7E8000E33562 /* banner.expand.1-part.partialHtml.html */,
				7FD99A4A1DBE7E8000E33562 /* banner.expand.2-part.part1.html */,
				7FD99A4B1DBE7E8000E33562 /* banner.expand.2-part.part2.html */,
				7FD99A4C1DBE7E8000E33562 /* banner.fragment.html */,
				7FD99A4D1DBE7E8000E33562 /* banner.getCurrentPosition.html */,
				7FD99A4E1DBE7E8000E33562 /* banner.getDefaultPosition.html */,
				7FD99A4F1DBE7E8000E33562 /* banner.getExpandProperties.html */,
				7FD99A501DBE7E8000E33562 /* banner.getMaxSize.html */,
				7FD99A511DBE7E8000E33562 /* banner.getOrientationProperties.html */,
				7FD99A521DBE7E8000E33562 /* banner.getPlacementType.html */,
				7FD99A531DBE7E8000E33562 /* banner.getResizeProperties.html */,
				7FD99A541DBE7E8000E33562 /* banner.getScreenSize.html */,
				7FD99A551DBE7E8000E33562 /* banner.getStates.html */,
				7FD99A561DBE7E8000E33562 /* banner.getStatesResize.html */,
				7FD99A571DBE7E8000E33562 /* banner.getVersion.html */,
				7FD99A581DBE7E8000E33562 /* banner.isViewable.html */,
				7FD99A591DBE7E8000E33562 /* banner.noMraidJS.html */,
				7FD99A5A1DBE7E8000E33562 /* banner.noMraidJSFrag.html */,
				7FD99A5B1DBE7E8000E33562 /* banner.open.html */,
				7FD99A5C1DBE7E8000E33562 /* banner.playInlineVideo.html */,
				7FD99A5D1DBE7E8000E33562 /* banner.playVideo.html */,
				7FD99A5E1DBE7E8000E33562 /* banner.ready.html */,
				7FD99A5F1DBE7E8000E33562 /* banner.removeAllEventListeners.html */,
				7FD99A601DBE7E8000E33562 /* banner.removeEventListener.html */,
				7FD99A611DBE7E8000E33562 /* banner.resize.html */,
				7FD99A621DBE7E8000E33562 /* banner.resizeExpand.html */,
				7FD99A631DBE7E8000E33562 /* banner.sendSMS.html */,
				7FD99A641DBE7E8000E33562 /* banner.setExpandProperties.html */,
				7FD99A651DBE7E8000E33562 /* banner.setExpandPropertiesInvalid.html */,
				7FD99A661DBE7E8000E33562 /* banner.setOrientationProperties.html */,
				7FD99A671DBE7E8000E33562 /* banner.setResizeProperties.html */,
				7FD99A681DBE7E8000E33562 /* banner.simple.html */,
				7FD99A691DBE7E8000E33562 /* banner.sizeChange.html */,
				7FD99A6A1DBE7E8000E33562 /* banner.stateChange.html */,
				7FD99A6B1DBE7E8000E33562 /* banner.storePicture.html */,
				7FD99A6C1DBE7E8000E33562 /* banner.supports.html */,
				7FD99A6D1DBE7E8000E33562 /* banner.useCustomClose.html */,
				7FD99A6E1DBE7E8000E33562 /* banner.viewableChange.html */,
				7FD99A6F1DBE7E8000E33562 /* close.png */,
				7FD99A701DBE7E8000E33562 /* interstitial.addEventListener.html */,
				7FD99A711DBE7E8000E33562 /* interstitial.close.html */,
				7FD99A721DBE7E8000E33562 /* interstitial.createCalendarEvent.html */,
				7FD99A731DBE7E8000E33562 /* interstitial.error.html */,
				7FD99A741DBE7E8000E33562 /* interstitial.fragment.html */,
				7FD99A751DBE7E8000E33562 /* interstitial.getCurrentPosition.html */,
				7FD99A761DBE7E8000E33562 /* interstitial.getDefaultPosition.html */,
				7FD99A771DBE7E8000E33562 /* interstitial.getMaxSize.html */,
				7FD99A781DBE7E8000E33562 /* interstitial.getOrientationProperties.html */,
				7FD99A791DBE7E8000E33562 /* interstitial.getScreenSize.html */,
				7FD99A7A1DBE7E8000E33562 /* interstitial.getStates.html */,
				7FD99A7B1DBE7E8000E33562 /* interstitial.getVersion.html */,
				7FD99A7C1DBE7E8000E33562 /* interstitial.isViewable.html */,
				7FD99A7D1DBE7E8000E33562 /* interstitial.noMraidJS.html */,
				7FD99A7E1DBE7E8000E33562 /* interstitial.noMraidJSFrag.html */,
				7FD99A7F1DBE7E8000E33562 /* interstitial.open.html */,
				7FD99A801DBE7E8000E33562 /* interstitial.playInlineVideo.html */,
				7FD99A811DBE7E8000E33562 /* interstitial.playVideo.html */,
				7FD99A821DBE7E8000E33562 /* interstitial.ready.html */,
				7FD99A831DBE7E8000E33562 /* interstitial.removeEventListener.html */,
				7FD99A841DBE7E8000E33562 /* interstitial.setExpandPropertiesInvalid.html */,
				7FD99A851DBE7E8000E33562 /* interstitial.setOrientationProperties.html */,
				7FD99A861DBE7E8000E33562 /* interstitial.simple.html */,
				7FD99A871DBE7E8000E33562 /* interstitial.sizeChange.html */,
				7FD99A881DBE7E8000E33562 /* interstitial.stateChange.html */,
				7FD99A891DBE7E8000E33562 /* interstitial.storePicture.html */,
				7FD99A8A1DBE7E8000E33562 /* interstitial.supports.html */,
				7FD99A8B1DBE7E8000E33562 /* interstitial.telsms.html */,
				7FD99A8C1DBE7E8000E33562 /* interstitial.useCustomClose.html */,
				7FD99A8D1DBE7E8000E33562 /* interstitial.viewableChange.html */,
				7FD99A8E1DBE7E8000E33562 /* nexage.gif */,
			);
			path = creatives;
			sourceTree = "<group>";
		};
		7FF398AA191552D000C8114E = {
			isa = PBXGroup;
			children = (
				7FD99A421DBE7E8000E33562 /* creatives */,
				7FF398B8191552D000C8114E /* CommuteStream */,
				7FF398CC191552D100C8114E /* CommuteStreamTests */,
				7FF398B5191552D000C8114E /* Frameworks */,
				7FF398B4191552D000C8114E /* Products */,
			);
			sourceTree = "<group>";
		};
		7FF398B4191552D000C8114E /* Products */ = {
			isa = PBXGroup;
			children = (
				7FF398B3191552D000C8114E /* libCommuteStream.a */,
				7FF398C3191552D100C8114E /* CommuteStreamTests.xctest */,
			);
			name = Products;
			sourceTree = "<group>";
		};
		7FF398B5191552D000C8114E /* Frameworks */ = {
			isa = PBXGroup;
			children = (
				1B7395191C875EF800606647 /* CoreImage.framework */,
				1B7395171C875EF200606647 /* ImageIO.framework */,
				7FF3990F1915703400C8114E /* AdSupport.framework */,
				7FF399101915703400C8114E /* AudioToolbox.framework */,
				7FF399111915703400C8114E /* AVFoundation.framework */,
				7FF399121915703400C8114E /* CoreGraphics.framework */,
				7FF399131915703400C8114E /* CoreTelephony.framework */,
				7FF399141915703400C8114E /* MessageUI.framework */,
				7FF399151915703400C8114E /* StoreKit.framework */,
				7FF399161915703400C8114E /* SystemConfiguration.framework */,
				7FF398B6191552D000C8114E /* Foundation.framework */,
				7FF398C4191552D100C8114E /* XCTest.framework */,
				7FF398C7191552D100C8114E /* UIKit.framework */,
			);
			name = Frameworks;
			sourceTree = "<group>";
		};
		7FF398B8191552D000C8114E /* CommuteStream */ = {
			isa = PBXGroup;
			children = (
				7FC68B301DAECF5400DBFD9B /* CSLogger.h */,
				7FC68B311DAECF5400DBFD9B /* CSLogger.m */,
				7FC68B261DAECDD000DBFD9B /* MRAID */,
				7F2367C31917F1D300E3B73C /* Google AdMob */,
				7FF398DC1915538600C8114E /* MKNetworkKit */,
				7FF398BB191552D000C8114E /* CommuteStream.h */,
				7FF398BD191552D000C8114E /* CommuteStream.m */,
				7FF398B9191552D000C8114E /* Supporting Files */,
				7FF398FE191553C300C8114E /* CSNetworkEngine.h */,
				7FF398FF191553C300C8114E /* CSNetworkEngine.m */,
				7FF39901191554CB00C8114E /* CSCustomBanner.h */,
				7FF39902191554CB00C8114E /* CSCustomBanner.m */,
				7FD99A171DB9497000E33562 /* CSAdFactory.h */,
				7FD99A181DB9497000E33562 /* CSAdFactory.m */,
				7FD99A371DBE696600E33562 /* CSBasicBannerAd.h */,
				7FD99A381DBE696600E33562 /* CSBasicBannerAd.m */,
				7FD99A1B1DB9544E00E33562 /* CSBasicBannerAdFactory.h */,
				7FD99A1C1DB9544E00E33562 /* CSBasicBannerAdFactory.m */,
				7FD99A8F1DBE7FA900E33562 /* CSTestHTMLBanner.h */,
				7FD99A901DBE7FA900E33562 /* CSTestHTMLBanner.m */,
				7FD99A931DBE822D00E33562 /* CSTestHTMLBannerFactory.h */,
				7FD99A941DBE822D00E33562 /* CSTestHTMLBannerFactory.m */,
				7FD99AB11DBFC9DE00E33562 /* CSMRAIDViewFactory.h */,
				7FD99AB21DBFC9DE00E33562 /* CSMRAIDViewFactory.m */,
				7FD99B811DC2A0A200E33562 /* CSWebView.h */,
				7FD99B821DC2A0A200E33562 /* CSWebView.m */,
				7F38C4F31DD110EF002F9A02 /* CSGestureRecognizer.h */,
				7F38C4F41DD110EF002F9A02 /* CSGestureRecognizer.m */,
			);
			path = CommuteStream;
			sourceTree = "<group>";
		};
		7FF398B9191552D000C8114E /* Supporting Files */ = {
			isa = PBXGroup;
			children = (
				7FF398BA191552D000C8114E /* CommuteStream-Prefix.pch */,
			);
			name = "Supporting Files";
			sourceTree = "<group>";
		};
		7FF398CC191552D100C8114E /* CommuteStreamTests */ = {
			isa = PBXGroup;
			children = (
				7FF398D2191552D100C8114E /* CommuteStreamTests.m */,
				7FF398CD191552D100C8114E /* Supporting Files */,
			);
			path = CommuteStreamTests;
			sourceTree = "<group>";
		};
		7FF398CD191552D100C8114E /* Supporting Files */ = {
			isa = PBXGroup;
			children = (
				7FF398CE191552D100C8114E /* CommuteStreamTests-Info.plist */,
				7FF398CF191552D100C8114E /* InfoPlist.strings */,
			);
			name = "Supporting Files";
			sourceTree = "<group>";
		};
		7FF398DC1915538600C8114E /* MKNetworkKit */ = {
			isa = PBXGroup;
			children = (
				7FF398DD1915538600C8114E /* Categories */,
				7FF398EC1915538600C8114E /* MKNetworkEngine.h */,
				7FF398ED1915538600C8114E /* MKNetworkEngine.m */,
				7FF398EE1915538600C8114E /* MKNetworkKit.h */,
				7FF398EF1915538600C8114E /* MKNetworkOperation.h */,
				7FF398F01915538600C8114E /* MKNetworkOperation.m */,
				7FF398F11915538600C8114E /* Reachability */,
			);
			path = MKNetworkKit;
			sourceTree = "<group>";
		};
		7FF398DD1915538600C8114E /* Categories */ = {
			isa = PBXGroup;
			children = (
				7FF398DE1915538600C8114E /* NSAlert+MKNetworkKitAdditions.h */,
				7FF398DF1915538600C8114E /* NSAlert+MKNetworkKitAdditions.m */,
				7FF398E01915538600C8114E /* NSData+MKBase64.h */,
				7FF398E11915538600C8114E /* NSData+MKBase64.m */,
				7FF398E21915538600C8114E /* NSDate+RFC1123.h */,
				7FF398E31915538600C8114E /* NSDate+RFC1123.m */,
				7FF398E41915538600C8114E /* NSDictionary+RequestEncoding.h */,
				7FF398E51915538600C8114E /* NSDictionary+RequestEncoding.m */,
				7FF398E61915538600C8114E /* NSString+MKNetworkKitAdditions.h */,
				7FF398E71915538600C8114E /* NSString+MKNetworkKitAdditions.m */,
				7FF398E81915538600C8114E /* UIAlertView+MKNetworkKitAdditions.h */,
				7FF398E91915538600C8114E /* UIAlertView+MKNetworkKitAdditions.m */,
				7FF398EA1915538600C8114E /* UIImageView+MKNetworkKitAdditions.h */,
				7FF398EB1915538600C8114E /* UIImageView+MKNetworkKitAdditions.m */,
			);
			path = Categories;
			sourceTree = "<group>";
		};
		7FF398F11915538600C8114E /* Reachability */ = {
			isa = PBXGroup;
			children = (
				7FF398F21915538600C8114E /* Reachability.h */,
				7FF398F31915538600C8114E /* Reachability.m */,
			);
			path = Reachability;
			sourceTree = "<group>";
		};
/* End PBXGroup section */

/* Begin PBXHeadersBuildPhase section */
		1B67178B1D0F38BB006D51F8 /* Headers */ = {
			isa = PBXHeadersBuildPhase;
			buildActionMask = 2147483647;
			files = (
				7FD99AB31DBFC9DE00E33562 /* CSMRAIDViewFactory.h in Headers */,
				7FC68B201DAECC9900DBFD9B /* CSMRAIDView.h in Headers */,
				7FC68B2E1DAECEB100DBFD9B /* CSMRAIDParser.h in Headers */,
				7FC68B361DAED0D900DBFD9B /* CSMRAIDModalViewController.h in Headers */,
				7FC68B241DAECD6900DBFD9B /* CSMRAIDOrientationProperties.h in Headers */,
				7FD99A951DBE822D00E33562 /* CSTestHTMLBannerFactory.h in Headers */,
				7FC68B431DAED47700DBFD9B /* mraidjs.h in Headers */,
				7FC68B321DAECF5400DBFD9B /* CSLogger.h in Headers */,
				7FC68B3B1DAED20700DBFD9B /* CSMRAIDUtil.h in Headers */,
				7FD99A1D1DB9544E00E33562 /* CSBasicBannerAdFactory.h in Headers */,
				7FC68B2A1DAECE2600DBFD9B /* CSMRAIDResizeProperties.h in Headers */,
				7FD99A911DBE7FA900E33562 /* CSTestHTMLBanner.h in Headers */,
				7FC68B3F1DAED2F600DBFD9B /* CSMRAIDSettings.h in Headers */,
				7FD99A391DBE696600E33562 /* CSBasicBannerAd.h in Headers */,
				7FC68B451DAED48D00DBFD9B /* CloseButton.h in Headers */,
				7FD99A191DB9497000E33562 /* CSAdFactory.h in Headers */,
				7F38C4F51DD110EF002F9A02 /* CSGestureRecognizer.h in Headers */,
				1B67178C1D0F38CB006D51F8 /* CommuteStream.h in Headers */,
				7FD99B831DC2A0A200E33562 /* CSWebView.h in Headers */,
				7FD999C81DAFE9BD00E33562 /* CSMRAIDServiceDelegate.h in Headers */,
			);
			runOnlyForDeploymentPostprocessing = 0;
		};
/* End PBXHeadersBuildPhase section */

/* Begin PBXNativeTarget section */
		7FF398B2191552D000C8114E /* CommuteStream */ = {
			isa = PBXNativeTarget;
			buildConfigurationList = 7FF398D6191552D100C8114E /* Build configuration list for PBXNativeTarget "CommuteStream" */;
			buildPhases = (
				7FF398AF191552D000C8114E /* Sources */,
				7FF398B0191552D000C8114E /* Frameworks */,
				7FF398B1191552D000C8114E /* Copy Files */,
				7F1880611915A6E600BE18B5 /* CopyFiles */,
				7F1880641915A76F00BE18B5 /* CopyFiles */,
				1B67178B1D0F38BB006D51F8 /* Headers */,
				1B6717751D0F3675006D51F8 /* ShellScript */,
			);
			buildRules = (
			);
			dependencies = (
			);
			name = CommuteStream;
			productName = CommuteStream;
			productReference = 7FF398B3191552D000C8114E /* libCommuteStream.a */;
			productType = "com.apple.product-type.library.static";
		};
		7FF398C2191552D100C8114E /* CommuteStreamTests */ = {
			isa = PBXNativeTarget;
			buildConfigurationList = 7FF398D9191552D100C8114E /* Build configuration list for PBXNativeTarget "CommuteStreamTests" */;
			buildPhases = (
				7FF398BF191552D100C8114E /* Sources */,
				7FF398C0191552D100C8114E /* Frameworks */,
				7FF398C1191552D100C8114E /* Resources */,
			);
			buildRules = (
			);
			dependencies = (
				7FF398CA191552D100C8114E /* PBXTargetDependency */,
			);
			name = CommuteStreamTests;
			productName = CommuteStreamTests;
			productReference = 7FF398C3191552D100C8114E /* CommuteStreamTests.xctest */;
			productType = "com.apple.product-type.bundle.unit-test";
		};
/* End PBXNativeTarget section */

/* Begin PBXProject section */
		7FF398AB191552D000C8114E /* Project object */ = {
			isa = PBXProject;
			attributes = {
				LastUpgradeCheck = 0720;
				ORGANIZATIONNAME = CommuteStream;
				TargetAttributes = {
					1B67178D1D0F3A9B006D51F8 = {
						CreatedOnToolsVersion = 7.3.1;
						DevelopmentTeam = TF5BTLR683;
					};
				};
			};
			buildConfigurationList = 7FF398AE191552D000C8114E /* Build configuration list for PBXProject "CommuteStream" */;
			compatibilityVersion = "Xcode 3.2";
			developmentRegion = English;
			hasScannedForEncodings = 0;
			knownRegions = (
				en,
			);
			mainGroup = 7FF398AA191552D000C8114E;
			productRefGroup = 7FF398B4191552D000C8114E /* Products */;
			projectDirPath = "";
			projectRoot = "";
			targets = (
				7FF398B2191552D000C8114E /* CommuteStream */,
				7FF398C2191552D100C8114E /* CommuteStreamTests */,
				7F3CD5FA192CBB2000237DF3 /* UniversalLib */,
				1B67178D1D0F3A9B006D51F8 /* Framework */,
			);
		};
/* End PBXProject section */

/* Begin PBXResourcesBuildPhase section */
		7FF398C1191552D100C8114E /* Resources */ = {
			isa = PBXResourcesBuildPhase;
			buildActionMask = 2147483647;
			files = (
				7FF398D1191552D100C8114E /* InfoPlist.strings in Resources */,
			);
			runOnlyForDeploymentPostprocessing = 0;
		};
/* End PBXResourcesBuildPhase section */

/* Begin PBXShellScriptBuildPhase section */
		1B6717751D0F3675006D51F8 /* ShellScript */ = {
			isa = PBXShellScriptBuildPhase;
			buildActionMask = 2147483647;
			files = (
			);
			inputPaths = (
			);
			outputPaths = (
			);
			runOnlyForDeploymentPostprocessing = 0;
			shellPath = /bin/sh;
			shellScript = "set -e\n\nmkdir -p \"${BUILT_PRODUCTS_DIR}/${PRODUCT_NAME}.framework/Versions/A/Headers\"\n\n# Link the \"Current\" version to \"A\"\n/bin/ln -sfh A \"${BUILT_PRODUCTS_DIR}/${PRODUCT_NAME}.framework/Versions/Current\"\n/bin/ln -sfh Versions/Current/Headers \"${BUILT_PRODUCTS_DIR}/${PRODUCT_NAME}.framework/Headers\"\n/bin/ln -sfh \"Versions/Current/${PRODUCT_NAME}\" \"${BUILT_PRODUCTS_DIR}/${PRODUCT_NAME}.framework/${PRODUCT_NAME}\"\n\n# The -a ensures that the headers maintain the source modification date so that we don't constantly\n# cause propagating rebuilds of files that import these headers.\n/bin/cp -a \"${TARGET_BUILD_DIR}/${PUBLIC_HEADERS_FOLDER_PATH}/\" \"${BUILT_PRODUCTS_DIR}/${PRODUCT_NAME}.framework/Versions/A/Headers\"";
		};
		1B6717931D0F3AB5006D51F8 /* ShellScript */ = {
			isa = PBXShellScriptBuildPhase;
			buildActionMask = 2147483647;
			files = (
			);
			inputPaths = (
			);
			outputPaths = (
			);
			runOnlyForDeploymentPostprocessing = 0;
			shellPath = /bin/sh;
			shellScript = "set -e\nset +u\n# Avoid recursively calling this script.\nif [[ $SF_MASTER_SCRIPT_RUNNING ]]\nthen\nexit 0\nfi\nset -u\nexport SF_MASTER_SCRIPT_RUNNING=1\n\nSF_TARGET_NAME=${PROJECT_NAME}\nSF_EXECUTABLE_PATH=\"lib${SF_TARGET_NAME}.a\"\nSF_WRAPPER_NAME=\"${SF_TARGET_NAME}.framework\"\n\n# The following conditionals come from\n# https://github.com/kstenerud/iOS-Universal-Framework\n\nif [[ \"$SDK_NAME\" =~ ([A-Za-z]+) ]]\nthen\nSF_SDK_PLATFORM=${BASH_REMATCH[1]}\nelse\necho \"Could not find platform name from SDK_NAME: $SDK_NAME\"\nexit 1\nfi\n\nif [[ \"$SDK_NAME\" =~ ([0-9]+.*$) ]]\nthen\nSF_SDK_VERSION=${BASH_REMATCH[1]}\nelse\necho \"Could not find sdk version from SDK_NAME: $SDK_NAME\"\nexit 1\nfi\n\nif [[ \"$SF_SDK_PLATFORM\" = \"iphoneos\" ]]\nthen\nSF_OTHER_PLATFORM=iphonesimulator\nelse\nSF_OTHER_PLATFORM=iphoneos\nfi\n\nif [[ \"$BUILT_PRODUCTS_DIR\" =~ (.*)$SF_SDK_PLATFORM$ ]]\nthen\nSF_OTHER_BUILT_PRODUCTS_DIR=\"${BASH_REMATCH[1]}${SF_OTHER_PLATFORM}\"\nelse\necho \"Could not find platform name from build products directory: $BUILT_PRODUCTS_DIR\"\nexit 1\nfi\n\n# Build the other platform.\nxcrun xcodebuild -project \"${PROJECT_FILE_PATH}\" -target \"${TARGET_NAME}\" -configuration \"${CONFIGURATION}\" -sdk ${SF_OTHER_PLATFORM}${SF_SDK_VERSION} BUILD_DIR=\"${BUILD_DIR}\" OBJROOT=\"${OBJROOT}\" BUILD_ROOT=\"${BUILD_ROOT}\" SYMROOT=\"${SYMROOT}\" $ACTION\n\n# Smash the two static libraries into one fat binary and store it in the .framework\nxcrun lipo -create \"${BUILT_PRODUCTS_DIR}/${SF_EXECUTABLE_PATH}\" \"${SF_OTHER_BUILT_PRODUCTS_DIR}/${SF_EXECUTABLE_PATH}\" -output \"${BUILT_PRODUCTS_DIR}/${SF_WRAPPER_NAME}/Versions/A/${SF_TARGET_NAME}\"\n\n# Copy the binary to the other architecture folder to have a complete framework in both.\ncp -a \"${BUILT_PRODUCTS_DIR}/${SF_WRAPPER_NAME}/Versions/A/${SF_TARGET_NAME}\" \"${SF_OTHER_BUILT_PRODUCTS_DIR}/${SF_WRAPPER_NAME}/Versions/A/${SF_TARGET_NAME}\"";
		};
		7F3CD5FE192CBB4200237DF3 /* ShellScript */ = {
			isa = PBXShellScriptBuildPhase;
			buildActionMask = 2147483647;
			files = (
			);
			inputPaths = (
			);
			outputPaths = (
			);
			runOnlyForDeploymentPostprocessing = 0;
			shellPath = /bin/sh;
			shellScript = "# define output folder environment variable\nUNIVERSAL_OUTPUTFOLDER=${BUILD_DIR}/${CONFIGURATION}-universal\n\n# Step 1. Build Device and Simulator versions\nxcodebuild -target CommuteStream ONLY_ACTIVE_ARCH=NO -configuration ${CONFIGURATION} -sdk iphoneos  BUILD_DIR=\"${BUILD_DIR}\" BUILD_ROOT=\"${BUILD_ROOT}\"\nxcodebuild -target CommuteStream ONLY_ACTIVE_ARCH=NO -configuration ${CONFIGURATION} -sdk iphonesimulator BUILD_DIR=\"${BUILD_DIR}\" BUILD_ROOT=\"${BUILD_ROOT}\"\n\n# make sure the output directory exists\nmkdir -p \"${UNIVERSAL_OUTPUTFOLDER}\"\n\n# Step 2. Create universal binary file using lipo\nlipo -create -output \"${UNIVERSAL_OUTPUTFOLDER}/lib${PROJECT_NAME}.a\" \"${BUILD_DIR}/${CONFIGURATION}-iphoneos/lib${PROJECT_NAME}.a\" \"${BUILD_DIR}/${CONFIGURATION}-iphonesimulator/lib${PROJECT_NAME}.a\"\n\n# Last touch. copy the header files. Just for convenience\ncp -R \"${BUILD_DIR}/${CONFIGURATION}-iphoneos/include\" \"${UNIVERSAL_OUTPUTFOLDER}/\"";
		};
/* End PBXShellScriptBuildPhase section */

/* Begin PBXSourcesBuildPhase section */
		7FF398AF191552D000C8114E /* Sources */ = {
			isa = PBXSourcesBuildPhase;
			buildActionMask = 2147483647;
			files = (
				7F38C4F61DD110EF002F9A02 /* CSGestureRecognizer.m in Sources */,
				7FC68B2F1DAECEB100DBFD9B /* CSMRAIDParser.m in Sources */,
				7FD99B841DC2A0A200E33562 /* CSWebView.m in Sources */,
				7FD99A1A1DB9497000E33562 /* CSAdFactory.m in Sources */,
				7FC68B211DAECC9900DBFD9B /* CSMRAIDView.m in Sources */,
				7FD99A1E1DB9544E00E33562 /* CSBasicBannerAdFactory.m in Sources */,
				7FF399C2191581A500C8114E /* Reachability.m in Sources */,
				7FC68B401DAED2F600DBFD9B /* CSMRAIDSettings.m in Sources */,
				7FC68B331DAECF5400DBFD9B /* CSLogger.m in Sources */,
				7FD99A961DBE822D00E33562 /* CSTestHTMLBannerFactory.m in Sources */,
				7FD99A3A1DBE696600E33562 /* CSBasicBannerAd.m in Sources */,
				7FF399C01915819E00C8114E /* MKNetworkEngine.m in Sources */,
				7FF399C11915819E00C8114E /* MKNetworkOperation.m in Sources */,
				7FF399B91915818500C8114E /* NSAlert+MKNetworkKitAdditions.m in Sources */,
				7FF399BA1915818500C8114E /* NSData+MKBase64.m in Sources */,
				7FC68B2B1DAECE2600DBFD9B /* CSMRAIDResizeProperties.m in Sources */,
				7FC68B3C1DAED20700DBFD9B /* CSMRAIDUtil.m in Sources */,
				7FF399BB1915818500C8114E /* NSDate+RFC1123.m in Sources */,
				7FD99AB41DBFC9DE00E33562 /* CSMRAIDViewFactory.m in Sources */,
				7FC68B251DAECD6900DBFD9B /* CSMRAIDOrientationProperties.m in Sources */,
				7FF399BC1915818500C8114E /* NSDictionary+RequestEncoding.m in Sources */,
				7FF399BD1915818500C8114E /* NSString+MKNetworkKitAdditions.m in Sources */,
				7FF399BE1915818500C8114E /* UIAlertView+MKNetworkKitAdditions.m in Sources */,
				7FF399BF1915818500C8114E /* UIImageView+MKNetworkKitAdditions.m in Sources */,
				7FF39900191553C300C8114E /* CSNetworkEngine.m in Sources */,
				7FF39903191554CB00C8114E /* CSCustomBanner.m in Sources */,
				7FC68B371DAED0D900DBFD9B /* CSMRAIDModalViewController.m in Sources */,
				7FD99A921DBE7FA900E33562 /* CSTestHTMLBanner.m in Sources */,
				7FF398BE191552D000C8114E /* CommuteStream.m in Sources */,
			);
			runOnlyForDeploymentPostprocessing = 0;
		};
		7FF398BF191552D100C8114E /* Sources */ = {
			isa = PBXSourcesBuildPhase;
			buildActionMask = 2147483647;
			files = (
				7FF398F81915538600C8114E /* NSString+MKNetworkKitAdditions.m in Sources */,
				7FF398F71915538600C8114E /* NSDictionary+RequestEncoding.m in Sources */,
				7FF398D3191552D100C8114E /* CommuteStreamTests.m in Sources */,
				7FF398FD1915538600C8114E /* Reachability.m in Sources */,
				7FF398F41915538600C8114E /* NSAlert+MKNetworkKitAdditions.m in Sources */,
				7FF398F51915538600C8114E /* NSData+MKBase64.m in Sources */,
				7FF398F61915538600C8114E /* NSDate+RFC1123.m in Sources */,
				7FF398FC1915538600C8114E /* MKNetworkOperation.m in Sources */,
				7FF398FA1915538600C8114E /* UIImageView+MKNetworkKitAdditions.m in Sources */,
				7FF398FB1915538600C8114E /* MKNetworkEngine.m in Sources */,
				7FF398F91915538600C8114E /* UIAlertView+MKNetworkKitAdditions.m in Sources */,
			);
			runOnlyForDeploymentPostprocessing = 0;
		};
/* End PBXSourcesBuildPhase section */

/* Begin PBXTargetDependency section */
		1B6717921D0F3AAA006D51F8 /* PBXTargetDependency */ = {
			isa = PBXTargetDependency;
			target = 7FF398B2191552D000C8114E /* CommuteStream */;
			targetProxy = 1B6717911D0F3AAA006D51F8 /* PBXContainerItemProxy */;
		};
		7FF398CA191552D100C8114E /* PBXTargetDependency */ = {
			isa = PBXTargetDependency;
			target = 7FF398B2191552D000C8114E /* CommuteStream */;
			targetProxy = 7FF398C9191552D100C8114E /* PBXContainerItemProxy */;
		};
/* End PBXTargetDependency section */

/* Begin PBXVariantGroup section */
		7FF398CF191552D100C8114E /* InfoPlist.strings */ = {
			isa = PBXVariantGroup;
			children = (
				7FF398D0191552D100C8114E /* en */,
			);
			name = InfoPlist.strings;
			sourceTree = "<group>";
		};
/* End PBXVariantGroup section */

/* Begin XCBuildConfiguration section */
		1B67178F1D0F3A9B006D51F8 /* Debug */ = {
			isa = XCBuildConfiguration;
			buildSettings = {
				PRODUCT_NAME = "$(TARGET_NAME)";
			};
			name = Debug;
		};
		1B6717901D0F3A9B006D51F8 /* Release */ = {
			isa = XCBuildConfiguration;
			buildSettings = {
				PRODUCT_NAME = "$(TARGET_NAME)";
			};
			name = Release;
		};
		7F3CD5FB192CBB2000237DF3 /* Debug */ = {
			isa = XCBuildConfiguration;
			buildSettings = {
				ARCHS = "$(ARCHS_STANDARD)";
				CLANG_ENABLE_MODULES = NO;
				CLANG_MODULES_AUTOLINK = YES;
				"HEADER_SEARCH_PATHS[arch=*]" = "";
				IPHONEOS_DEPLOYMENT_TARGET = 7.0;
				ONLY_ACTIVE_ARCH = NO;
				PRODUCT_NAME = "$(TARGET_NAME)";
				VALID_ARCHS = "arm64 armv7 x86_64 i386 armv7s";
			};
			name = Debug;
		};
		7F3CD5FC192CBB2000237DF3 /* Release */ = {
			isa = XCBuildConfiguration;
			buildSettings = {
				ARCHS = "$(ARCHS_STANDARD)";
				CLANG_ENABLE_MODULES = NO;
				CLANG_MODULES_AUTOLINK = YES;
				DEBUG_INFORMATION_FORMAT = "dwarf-with-dsym";
				IPHONEOS_DEPLOYMENT_TARGET = 7.0;
				PRODUCT_NAME = "$(TARGET_NAME)";
				VALID_ARCHS = "arm64 armv7 x86_64 i386 armv7s";
			};
			name = Release;
		};
		7FF398D4191552D100C8114E /* Debug */ = {
			isa = XCBuildConfiguration;
			buildSettings = {
				ALWAYS_SEARCH_USER_PATHS = NO;
				CLANG_CXX_LANGUAGE_STANDARD = "gnu++0x";
				CLANG_CXX_LIBRARY = "libc++";
				CLANG_ENABLE_MODULES = YES;
				CLANG_ENABLE_OBJC_ARC = YES;
				CLANG_WARN_BOOL_CONVERSION = YES;
				CLANG_WARN_CONSTANT_CONVERSION = YES;
				CLANG_WARN_DIRECT_OBJC_ISA_USAGE = YES_ERROR;
				CLANG_WARN_EMPTY_BODY = YES;
				CLANG_WARN_ENUM_CONVERSION = YES;
				CLANG_WARN_INT_CONVERSION = YES;
				CLANG_WARN_OBJC_ROOT_CLASS = YES_ERROR;
				CLANG_WARN__DUPLICATE_METHOD_MATCH = YES;
				COPY_PHASE_STRIP = NO;
				ENABLE_TESTABILITY = YES;
				GCC_C_LANGUAGE_STANDARD = gnu99;
				GCC_DYNAMIC_NO_PIC = NO;
				GCC_OPTIMIZATION_LEVEL = 0;
				GCC_PREPROCESSOR_DEFINITIONS = (
					"DEBUG=1",
					"$(inherited)",
				);
				GCC_SYMBOLS_PRIVATE_EXTERN = NO;
				GCC_WARN_64_TO_32_BIT_CONVERSION = YES;
				GCC_WARN_ABOUT_RETURN_TYPE = YES_ERROR;
				GCC_WARN_UNDECLARED_SELECTOR = YES;
				GCC_WARN_UNINITIALIZED_AUTOS = YES_AGGRESSIVE;
				GCC_WARN_UNUSED_FUNCTION = YES;
				GCC_WARN_UNUSED_VARIABLE = YES;
				IPHONEOS_DEPLOYMENT_TARGET = 7.1;
				ONLY_ACTIVE_ARCH = NO;
				SDKROOT = iphoneos;
				STRIP_INSTALLED_PRODUCT = NO;
				STRIP_STYLE = debugging;
			};
			name = Debug;
		};
		7FF398D5191552D100C8114E /* Release */ = {
			isa = XCBuildConfiguration;
			buildSettings = {
				ALWAYS_SEARCH_USER_PATHS = NO;
				CLANG_CXX_LANGUAGE_STANDARD = "gnu++0x";
				CLANG_CXX_LIBRARY = "libc++";
				CLANG_ENABLE_MODULES = YES;
				CLANG_ENABLE_OBJC_ARC = YES;
				CLANG_WARN_BOOL_CONVERSION = YES;
				CLANG_WARN_CONSTANT_CONVERSION = YES;
				CLANG_WARN_DIRECT_OBJC_ISA_USAGE = YES_ERROR;
				CLANG_WARN_EMPTY_BODY = YES;
				CLANG_WARN_ENUM_CONVERSION = YES;
				CLANG_WARN_INT_CONVERSION = YES;
				CLANG_WARN_OBJC_ROOT_CLASS = YES_ERROR;
				CLANG_WARN__DUPLICATE_METHOD_MATCH = YES;
				COPY_PHASE_STRIP = NO;
				ENABLE_NS_ASSERTIONS = NO;
				GCC_C_LANGUAGE_STANDARD = gnu99;
				GCC_WARN_64_TO_32_BIT_CONVERSION = YES;
				GCC_WARN_ABOUT_RETURN_TYPE = YES_ERROR;
				GCC_WARN_UNDECLARED_SELECTOR = YES;
				GCC_WARN_UNINITIALIZED_AUTOS = YES_AGGRESSIVE;
				GCC_WARN_UNUSED_FUNCTION = YES;
				GCC_WARN_UNUSED_VARIABLE = YES;
				IPHONEOS_DEPLOYMENT_TARGET = 7.1;
				SDKROOT = iphoneos;
				STRIP_INSTALLED_PRODUCT = NO;
				STRIP_STYLE = debugging;
				VALIDATE_PRODUCT = YES;
			};
			name = Release;
		};
		7FF398D7191552D100C8114E /* Debug */ = {
			isa = XCBuildConfiguration;
			buildSettings = {
				ARCHS = "$(ARCHS_STANDARD)";
				CLANG_ENABLE_MODULES = NO;
				CLANG_ENABLE_MODULE_DEBUGGING = NO;
				CLANG_MODULES_AUTOLINK = YES;
				DEBUG_INFORMATION_FORMAT = "dwarf-with-dsym";
				DSTROOT = /tmp/CommuteStream.dst;
				GCC_PRECOMPILE_PREFIX_HEADER = NO;
				GCC_PREFIX_HEADER = "CommuteStream/CommuteStream-Prefix.pch";
				IPHONEOS_DEPLOYMENT_TARGET = 7.0;
				LIBRARY_SEARCH_PATHS = (
					"$(inherited)",
					"$(PROJECT_DIR)/CommuteStream",
				);
				ONLY_ACTIVE_ARCH = NO;
				OTHER_LDFLAGS = "-ObjC";
				PRODUCT_NAME = "$(TARGET_NAME)";
				PUBLIC_HEADERS_FOLDER_PATH = "$(PROJECT_NAME)Headers";
				SEPARATE_STRIP = NO;
				SKIP_INSTALL = NO;
				STRIP_INSTALLED_PRODUCT = NO;
				VALID_ARCHS = "arm64 armv7 armv7s x86_64 i386";
			};
			name = Debug;
		};
		7FF398D8191552D100C8114E /* Release */ = {
			isa = XCBuildConfiguration;
			buildSettings = {
				ARCHS = "$(ARCHS_STANDARD)";
				CLANG_ENABLE_MODULES = NO;
				CLANG_ENABLE_MODULE_DEBUGGING = NO;
				CLANG_MODULES_AUTOLINK = YES;
				COPY_PHASE_STRIP = NO;
				DEBUG_INFORMATION_FORMAT = "dwarf-with-dsym";
				DSTROOT = /tmp/CommuteStream.dst;
				GCC_PRECOMPILE_PREFIX_HEADER = NO;
				GCC_PREFIX_HEADER = "CommuteStream/CommuteStream-Prefix.pch";
				IPHONEOS_DEPLOYMENT_TARGET = 7.0;
				LIBRARY_SEARCH_PATHS = (
					"$(inherited)",
					"$(PROJECT_DIR)/CommuteStream",
				);
				OTHER_LDFLAGS = "-ObjC";
				PRODUCT_NAME = "$(TARGET_NAME)";
				PUBLIC_HEADERS_FOLDER_PATH = "$(PROJECT_NAME)Headers";
				SEPARATE_STRIP = NO;
				SKIP_INSTALL = NO;
				STRIP_INSTALLED_PRODUCT = NO;
				VALID_ARCHS = "arm64 armv7 armv7s x86_64 i386";
			};
			name = Release;
		};
		7FF398DA191552D100C8114E /* Debug */ = {
			isa = XCBuildConfiguration;
			buildSettings = {
				FRAMEWORK_SEARCH_PATHS = (
					"$(SDKROOT)/Developer/Library/Frameworks",
					"$(inherited)",
					"$(DEVELOPER_FRAMEWORKS_DIR)",
				);
				GCC_PRECOMPILE_PREFIX_HEADER = YES;
				GCC_PREFIX_HEADER = "CommuteStream/CommuteStream-Prefix.pch";
				GCC_PREPROCESSOR_DEFINITIONS = (
					"DEBUG=1",
					"$(inherited)",
				);
				INFOPLIST_FILE = "CommuteStreamTests/CommuteStreamTests-Info.plist";
				PRODUCT_BUNDLE_IDENTIFIER = "commutestream.com.${PRODUCT_NAME:rfc1034identifier}";
				PRODUCT_NAME = "$(TARGET_NAME)";
				WRAPPER_EXTENSION = xctest;
			};
			name = Debug;
		};
		7FF398DB191552D100C8114E /* Release */ = {
			isa = XCBuildConfiguration;
			buildSettings = {
				FRAMEWORK_SEARCH_PATHS = (
					"$(SDKROOT)/Developer/Library/Frameworks",
					"$(inherited)",
					"$(DEVELOPER_FRAMEWORKS_DIR)",
				);
				GCC_PRECOMPILE_PREFIX_HEADER = YES;
				GCC_PREFIX_HEADER = "CommuteStream/CommuteStream-Prefix.pch";
				INFOPLIST_FILE = "CommuteStreamTests/CommuteStreamTests-Info.plist";
				PRODUCT_BUNDLE_IDENTIFIER = "commutestream.com.${PRODUCT_NAME:rfc1034identifier}";
				PRODUCT_NAME = "$(TARGET_NAME)";
				WRAPPER_EXTENSION = xctest;
			};
			name = Release;
		};
/* End XCBuildConfiguration section */

/* Begin XCConfigurationList section */
		1B67178E1D0F3A9B006D51F8 /* Build configuration list for PBXAggregateTarget "Framework" */ = {
			isa = XCConfigurationList;
			buildConfigurations = (
				1B67178F1D0F3A9B006D51F8 /* Debug */,
				1B6717901D0F3A9B006D51F8 /* Release */,
			);
			defaultConfigurationIsVisible = 0;
			defaultConfigurationName = Release;
		};
		7F3CD5FD192CBB2000237DF3 /* Build configuration list for PBXAggregateTarget "UniversalLib" */ = {
			isa = XCConfigurationList;
			buildConfigurations = (
				7F3CD5FB192CBB2000237DF3 /* Debug */,
				7F3CD5FC192CBB2000237DF3 /* Release */,
			);
			defaultConfigurationIsVisible = 0;
			defaultConfigurationName = Release;
		};
		7FF398AE191552D000C8114E /* Build configuration list for PBXProject "CommuteStream" */ = {
			isa = XCConfigurationList;
			buildConfigurations = (
				7FF398D4191552D100C8114E /* Debug */,
				7FF398D5191552D100C8114E /* Release */,
			);
			defaultConfigurationIsVisible = 0;
			defaultConfigurationName = Release;
		};
		7FF398D6191552D100C8114E /* Build configuration list for PBXNativeTarget "CommuteStream" */ = {
			isa = XCConfigurationList;
			buildConfigurations = (
				7FF398D7191552D100C8114E /* Debug */,
				7FF398D8191552D100C8114E /* Release */,
			);
			defaultConfigurationIsVisible = 0;
			defaultConfigurationName = Release;
		};
		7FF398D9191552D100C8114E /* Build configuration list for PBXNativeTarget "CommuteStreamTests" */ = {
			isa = XCConfigurationList;
			buildConfigurations = (
				7FF398DA191552D100C8114E /* Debug */,
				7FF398DB191552D100C8114E /* Release */,
			);
			defaultConfigurationIsVisible = 0;
			defaultConfigurationName = Release;
		};
/* End XCConfigurationList section */
	};
	rootObject = 7FF398AB191552D000C8114E /* Project object */;
}
